
Microsoft Visual Studio Solution File, Format Version 12.00
# Visual Studio 2013
VisualStudioVersion = 12.0.30501.0
MinimumVisualStudioVersion = 10.0.40219.1
Project("{FAE04EC0-301F-11D3-BF4B-00C04F79EFBC}") = "SystemDot.Specifications", "..\Projects\SystemDot.Specifications\SystemDot.Specifications.csproj", "{64C9484E-CC64-4C6D-AAB6-62CCA020D4DC}"
EndProject
Project("{FAE04EC0-301F-11D3-BF4B-00C04F79EFBC}") = "SystemDot", "..\Projects\SystemDot\SystemDot.csproj", "{070F7893-796A-4206-B6A4-8A491909E38C}"
EndProject
Project("{2150E333-8FDC-42A3-9474-1A3956D46DE8}") = "Windows", "Windows", "{1B673711-F126-4AFD-86C5-1DB923896E5D}"
EndProject
Project("{2150E333-8FDC-42A3-9474-1A3956D46DE8}") = "WindowsStore", "WindowsStore", "{05217F53-9EEB-4E75-BE29-19A395C17B1F}"
EndProject
Project("{2150E333-8FDC-42A3-9474-1A3956D46DE8}") = "iOS", "iOS", "{03688A4E-474B-4FEA-9A54-C88B7FDE62A7}"
EndProject
Project("{FAE04EC0-301F-11D3-BF4B-00C04F79EFBC}") = "SystemDot.Storage.Changes.SqlServer.Windows", "..\Projects\SystemDot.Storage.Changes.SqlServer.Windows\SystemDot.Storage.Changes.SqlServer.Windows.csproj", "{A2DEDD80-AEBC-4217-9BC2-7A92004C2DD9}"
EndProject
Project("{FAE04EC0-301F-11D3-BF4B-00C04F79EFBC}") = "SystemDot.Storage.Changes.Esent.Windows", "..\Projects\SystemDot.Storage.Changes.Esent.Windows\SystemDot.Storage.Changes.Esent.Windows.csproj", "{45462966-3BCE-4D7E-925A-78ACE88A58DB}"
EndProject
Project("{FAE04EC0-301F-11D3-BF4B-00C04F79EFBC}") = "SystemDot.Storage.Changes.Sql.Windows", "..\Projects\SystemDot.Storage.Changes.Sql.Windows\SystemDot.Storage.Changes.Sql.Windows.csproj", "{6B82130D-8F84-491C-8D10-9E65FEFDF4A8}"
EndProject
Project("{FAE04EC0-301F-11D3-BF4B-00C04F79EFBC}") = "SystemDot.Storage.Changes.Sql.iOS", "..\Projects\SystemDot.Storage.Changes.Sql.iOS\SystemDot.Storage.Changes.Sql.iOS.csproj", "{DED8CBCD-92A6-4798-96EB-FABE1C63B2C0}"
EndProject
Project("{FAE04EC0-301F-11D3-BF4B-00C04F79EFBC}") = "SystemDot.Storage.Changes.Sqlite.iOS", "..\Projects\SystemDot.Storage.Changes.Sqlite.iOS\SystemDot.Storage.Changes.Sqlite.iOS.csproj", "{30DB3B54-D590-4CB5-9540-6D811A702735}"
EndProject
Project("{FAE04EC0-301F-11D3-BF4B-00C04F79EFBC}") = "SystemDot.iOS", "..\Projects\SystemDot.iOS\SystemDot.iOS.csproj", "{FCF2E749-4104-4551-90A4-563A0031FEDB}"
EndProject
Project("{2150E333-8FDC-42A3-9474-1A3956D46DE8}") = "Android", "Android", "{03E68B3D-5885-49CD-A8EC-380AAE55C75A}"
EndProject
Project("{FAE04EC0-301F-11D3-BF4B-00C04F79EFBC}") = "SystemDot.Storage.Changes.Sql.Android", "..\Projects\SystemDot.Storage.Changes.Sql.Android\SystemDot.Storage.Changes.Sql.Android.csproj", "{88E3C81A-48C3-41F7-B4EC-9142ECBD1215}"
EndProject
Project("{FAE04EC0-301F-11D3-BF4B-00C04F79EFBC}") = "SystemDot.Storage.Changes.Sqlite.Android", "..\Projects\SystemDot.Storage.Changes.Sqlite.Android\SystemDot.Storage.Changes.Sqlite.Android.csproj", "{E679D764-96A6-4811-BCBE-ABA0879DF3D2}"
EndProject
Project("{FAE04EC0-301F-11D3-BF4B-00C04F79EFBC}") = "SystemDot.Android", "..\Projects\SystemDot.Android\SystemDot.Android.csproj", "{E2D12712-988E-4157-9467-F457A26BDAA9}"
EndProject
Project("{FAE04EC0-301F-11D3-BF4B-00C04F79EFBC}") = "SystemDot.Storage.Changes.Esent.WindowsStore", "..\Projects\SystemDot.Storage.Changes.Esent.WindowsStore\SystemDot.Storage.Changes.Esent.WindowsStore.csproj", "{078A8821-E418-449E-BEC6-34D7D9F05D73}"
EndProject
Project("{FAE04EC0-301F-11D3-BF4B-00C04F79EFBC}") = "SystemDot.WindowsStore", "..\Projects\SystemDot.WindowsStore\SystemDot.WindowsStore.csproj", "{B5F85B21-6EEB-4CAF-A8C4-6F4FFF8D01E6}"
EndProject
Project("{FAE04EC0-301F-11D3-BF4B-00C04F79EFBC}") = "SystemDot.Windows", "..\Projects\SystemDot.Windows\SystemDot.Windows.csproj", "{EA20361F-5CFF-434D-82FC-C43D242001CF}"
EndProject
Global
	GlobalSection(SolutionConfigurationPlatforms) = preSolution
		Debug|Any CPU = Debug|Any CPU
		Debug|ARM = Debug|ARM
		Debug|x64 = Debug|x64
		Debug|x86 = Debug|x86
		Release|Any CPU = Release|Any CPU
		Release|ARM = Release|ARM
		Release|x64 = Release|x64
		Release|x86 = Release|x86
	EndGlobalSection
	GlobalSection(ProjectConfigurationPlatforms) = postSolution
		{64C9484E-CC64-4C6D-AAB6-62CCA020D4DC}.Debug|Any CPU.ActiveCfg = Debug|Any CPU
		{64C9484E-CC64-4C6D-AAB6-62CCA020D4DC}.Debug|Any CPU.Build.0 = Debug|Any CPU
		{64C9484E-CC64-4C6D-AAB6-62CCA020D4DC}.Debug|ARM.ActiveCfg = Debug|Any CPU
		{64C9484E-CC64-4C6D-AAB6-62CCA020D4DC}.Debug|x64.ActiveCfg = Debug|Any CPU
		{64C9484E-CC64-4C6D-AAB6-62CCA020D4DC}.Debug|x86.ActiveCfg = Debug|Any CPU
		{64C9484E-CC64-4C6D-AAB6-62CCA020D4DC}.Release|Any CPU.ActiveCfg = Release|Any CPU
		{64C9484E-CC64-4C6D-AAB6-62CCA020D4DC}.Release|Any CPU.Build.0 = Release|Any CPU
		{64C9484E-CC64-4C6D-AAB6-62CCA020D4DC}.Release|ARM.ActiveCfg = Release|Any CPU
		{64C9484E-CC64-4C6D-AAB6-62CCA020D4DC}.Release|x64.ActiveCfg = Release|Any CPU
		{64C9484E-CC64-4C6D-AAB6-62CCA020D4DC}.Release|x86.ActiveCfg = Release|Any CPU
		{070F7893-796A-4206-B6A4-8A491909E38C}.Debug|Any CPU.ActiveCfg = Debug|Any CPU
		{070F7893-796A-4206-B6A4-8A491909E38C}.Debug|Any CPU.Build.0 = Debug|Any CPU
		{070F7893-796A-4206-B6A4-8A491909E38C}.Debug|ARM.ActiveCfg = Debug|Any CPU
		{070F7893-796A-4206-B6A4-8A491909E38C}.Debug|x64.ActiveCfg = Debug|Any CPU
		{070F7893-796A-4206-B6A4-8A491909E38C}.Debug|x86.ActiveCfg = Debug|Any CPU
		{070F7893-796A-4206-B6A4-8A491909E38C}.Release|Any CPU.ActiveCfg = Release|Any CPU
		{070F7893-796A-4206-B6A4-8A491909E38C}.Release|Any CPU.Build.0 = Release|Any CPU
		{070F7893-796A-4206-B6A4-8A491909E38C}.Release|ARM.ActiveCfg = Release|Any CPU
		{070F7893-796A-4206-B6A4-8A491909E38C}.Release|x64.ActiveCfg = Release|Any CPU
		{070F7893-796A-4206-B6A4-8A491909E38C}.Release|x86.ActiveCfg = Release|Any CPU
		{A2DEDD80-AEBC-4217-9BC2-7A92004C2DD9}.Debug|Any CPU.ActiveCfg = Debug|Any CPU
		{A2DEDD80-AEBC-4217-9BC2-7A92004C2DD9}.Debug|Any CPU.Build.0 = Debug|Any CPU
		{A2DEDD80-AEBC-4217-9BC2-7A92004C2DD9}.Debug|ARM.ActiveCfg = Debug|Any CPU
		{A2DEDD80-AEBC-4217-9BC2-7A92004C2DD9}.Debug|x64.ActiveCfg = Debug|Any CPU
		{A2DEDD80-AEBC-4217-9BC2-7A92004C2DD9}.Debug|x86.ActiveCfg = Debug|Any CPU
		{A2DEDD80-AEBC-4217-9BC2-7A92004C2DD9}.Release|Any CPU.ActiveCfg = Release|Any CPU
		{A2DEDD80-AEBC-4217-9BC2-7A92004C2DD9}.Release|Any CPU.Build.0 = Release|Any CPU
		{A2DEDD80-AEBC-4217-9BC2-7A92004C2DD9}.Release|ARM.ActiveCfg = Release|Any CPU
		{A2DEDD80-AEBC-4217-9BC2-7A92004C2DD9}.Release|x64.ActiveCfg = Release|Any CPU
		{A2DEDD80-AEBC-4217-9BC2-7A92004C2DD9}.Release|x86.ActiveCfg = Release|Any CPU
		{45462966-3BCE-4D7E-925A-78ACE88A58DB}.Debug|Any CPU.ActiveCfg = Debug|Any CPU
		{45462966-3BCE-4D7E-925A-78ACE88A58DB}.Debug|Any CPU.Build.0 = Debug|Any CPU
		{45462966-3BCE-4D7E-925A-78ACE88A58DB}.Debug|ARM.ActiveCfg = Debug|Any CPU
		{45462966-3BCE-4D7E-925A-78ACE88A58DB}.Debug|x64.ActiveCfg = Debug|Any CPU
		{45462966-3BCE-4D7E-925A-78ACE88A58DB}.Debug|x86.ActiveCfg = Debug|Any CPU
		{45462966-3BCE-4D7E-925A-78ACE88A58DB}.Release|Any CPU.ActiveCfg = Release|Any CPU
		{45462966-3BCE-4D7E-925A-78ACE88A58DB}.Release|Any CPU.Build.0 = Release|Any CPU
		{45462966-3BCE-4D7E-925A-78ACE88A58DB}.Release|ARM.ActiveCfg = Release|Any CPU
		{45462966-3BCE-4D7E-925A-78ACE88A58DB}.Release|x64.ActiveCfg = Release|Any CPU
		{45462966-3BCE-4D7E-925A-78ACE88A58DB}.Release|x86.ActiveCfg = Release|Any CPU
		{6B82130D-8F84-491C-8D10-9E65FEFDF4A8}.Debug|Any CPU.ActiveCfg = Debug|Any CPU
		{6B82130D-8F84-491C-8D10-9E65FEFDF4A8}.Debug|Any CPU.Build.0 = Debug|Any CPU
		{6B82130D-8F84-491C-8D10-9E65FEFDF4A8}.Debug|ARM.ActiveCfg = Debug|Any CPU
		{6B82130D-8F84-491C-8D10-9E65FEFDF4A8}.Debug|x64.ActiveCfg = Debug|Any CPU
		{6B82130D-8F84-491C-8D10-9E65FEFDF4A8}.Debug|x86.ActiveCfg = Debug|Any CPU
		{6B82130D-8F84-491C-8D10-9E65FEFDF4A8}.Release|Any CPU.ActiveCfg = Release|Any CPU
		{6B82130D-8F84-491C-8D10-9E65FEFDF4A8}.Release|Any CPU.Build.0 = Release|Any CPU
		{6B82130D-8F84-491C-8D10-9E65FEFDF4A8}.Release|ARM.ActiveCfg = Release|Any CPU
		{6B82130D-8F84-491C-8D10-9E65FEFDF4A8}.Release|x64.ActiveCfg = Release|Any CPU
		{6B82130D-8F84-491C-8D10-9E65FEFDF4A8}.Release|x86.ActiveCfg = Release|Any CPU
		{DED8CBCD-92A6-4798-96EB-FABE1C63B2C0}.Debug|Any CPU.ActiveCfg = Debug|Any CPU
		{DED8CBCD-92A6-4798-96EB-FABE1C63B2C0}.Debug|Any CPU.Build.0 = Debug|Any CPU
		{DED8CBCD-92A6-4798-96EB-FABE1C63B2C0}.Debug|ARM.ActiveCfg = Debug|Any CPU
		{DED8CBCD-92A6-4798-96EB-FABE1C63B2C0}.Debug|x64.ActiveCfg = Debug|Any CPU
		{DED8CBCD-92A6-4798-96EB-FABE1C63B2C0}.Debug|x86.ActiveCfg = Debug|Any CPU
		{DED8CBCD-92A6-4798-96EB-FABE1C63B2C0}.Release|Any CPU.ActiveCfg = Release|Any CPU
		{DED8CBCD-92A6-4798-96EB-FABE1C63B2C0}.Release|Any CPU.Build.0 = Release|Any CPU
		{DED8CBCD-92A6-4798-96EB-FABE1C63B2C0}.Release|ARM.ActiveCfg = Release|Any CPU
		{DED8CBCD-92A6-4798-96EB-FABE1C63B2C0}.Release|x64.ActiveCfg = Release|Any CPU
		{DED8CBCD-92A6-4798-96EB-FABE1C63B2C0}.Release|x86.ActiveCfg = Release|Any CPU
		{30DB3B54-D590-4CB5-9540-6D811A702735}.Debug|Any CPU.ActiveCfg = Debug|Any CPU
		{30DB3B54-D590-4CB5-9540-6D811A702735}.Debug|Any CPU.Build.0 = Debug|Any CPU
		{30DB3B54-D590-4CB5-9540-6D811A702735}.Debug|ARM.ActiveCfg = Debug|Any CPU
		{30DB3B54-D590-4CB5-9540-6D811A702735}.Debug|x64.ActiveCfg = Debug|Any CPU
		{30DB3B54-D590-4CB5-9540-6D811A702735}.Debug|x86.ActiveCfg = Debug|Any CPU
		{30DB3B54-D590-4CB5-9540-6D811A702735}.Release|Any CPU.ActiveCfg = Release|Any CPU
		{30DB3B54-D590-4CB5-9540-6D811A702735}.Release|Any CPU.Build.0 = Release|Any CPU
		{30DB3B54-D590-4CB5-9540-6D811A702735}.Release|ARM.ActiveCfg = Release|Any CPU
		{30DB3B54-D590-4CB5-9540-6D811A702735}.Release|x64.ActiveCfg = Release|Any CPU
		{30DB3B54-D590-4CB5-9540-6D811A702735}.Release|x86.ActiveCfg = Release|Any CPU
		{FCF2E749-4104-4551-90A4-563A0031FEDB}.Debug|Any CPU.ActiveCfg = Debug|Any CPU
		{FCF2E749-4104-4551-90A4-563A0031FEDB}.Debug|Any CPU.Build.0 = Debug|Any CPU
		{FCF2E749-4104-4551-90A4-563A0031FEDB}.Debug|ARM.ActiveCfg = Debug|Any CPU
		{FCF2E749-4104-4551-90A4-563A0031FEDB}.Debug|x64.ActiveCfg = Debug|Any CPU
		{FCF2E749-4104-4551-90A4-563A0031FEDB}.Debug|x86.ActiveCfg = Debug|Any CPU
		{FCF2E749-4104-4551-90A4-563A0031FEDB}.Release|Any CPU.ActiveCfg = Release|Any CPU
		{FCF2E749-4104-4551-90A4-563A0031FEDB}.Release|Any CPU.Build.0 = Release|Any CPU
		{FCF2E749-4104-4551-90A4-563A0031FEDB}.Release|ARM.ActiveCfg = Release|Any CPU
		{FCF2E749-4104-4551-90A4-563A0031FEDB}.Release|x64.ActiveCfg = Release|Any CPU
		{FCF2E749-4104-4551-90A4-563A0031FEDB}.Release|x86.ActiveCfg = Release|Any CPU
		{88E3C81A-48C3-41F7-B4EC-9142ECBD1215}.Debug|Any CPU.ActiveCfg = Debug|Any CPU
		{88E3C81A-48C3-41F7-B4EC-9142ECBD1215}.Debug|Any CPU.Build.0 = Debug|Any CPU
		{88E3C81A-48C3-41F7-B4EC-9142ECBD1215}.Debug|ARM.ActiveCfg = Debug|Any CPU
		{88E3C81A-48C3-41F7-B4EC-9142ECBD1215}.Debug|x64.ActiveCfg = Debug|Any CPU
		{88E3C81A-48C3-41F7-B4EC-9142ECBD1215}.Debug|x86.ActiveCfg = Debug|Any CPU
		{88E3C81A-48C3-41F7-B4EC-9142ECBD1215}.Release|Any CPU.ActiveCfg = Release|Any CPU
		{88E3C81A-48C3-41F7-B4EC-9142ECBD1215}.Release|Any CPU.Build.0 = Release|Any CPU
		{88E3C81A-48C3-41F7-B4EC-9142ECBD1215}.Release|ARM.ActiveCfg = Release|Any CPU
		{88E3C81A-48C3-41F7-B4EC-9142ECBD1215}.Release|x64.ActiveCfg = Release|Any CPU
		{88E3C81A-48C3-41F7-B4EC-9142ECBD1215}.Release|x86.ActiveCfg = Release|Any CPU
		{E679D764-96A6-4811-BCBE-ABA0879DF3D2}.Debug|Any CPU.ActiveCfg = Debug|Any CPU
		{E679D764-96A6-4811-BCBE-ABA0879DF3D2}.Debug|Any CPU.Build.0 = Debug|Any CPU
		{E679D764-96A6-4811-BCBE-ABA0879DF3D2}.Debug|ARM.ActiveCfg = Debug|Any CPU
		{E679D764-96A6-4811-BCBE-ABA0879DF3D2}.Debug|x64.ActiveCfg = Debug|Any CPU
		{E679D764-96A6-4811-BCBE-ABA0879DF3D2}.Debug|x86.ActiveCfg = Debug|Any CPU
		{E679D764-96A6-4811-BCBE-ABA0879DF3D2}.Release|Any CPU.ActiveCfg = Release|Any CPU
		{E679D764-96A6-4811-BCBE-ABA0879DF3D2}.Release|Any CPU.Build.0 = Release|Any CPU
		{E679D764-96A6-4811-BCBE-ABA0879DF3D2}.Release|ARM.ActiveCfg = Release|Any CPU
		{E679D764-96A6-4811-BCBE-ABA0879DF3D2}.Release|x64.ActiveCfg = Release|Any CPU
		{E679D764-96A6-4811-BCBE-ABA0879DF3D2}.Release|x86.ActiveCfg = Release|Any CPU
		{E2D12712-988E-4157-9467-F457A26BDAA9}.Debug|Any CPU.ActiveCfg = Debug|Any CPU
		{E2D12712-988E-4157-9467-F457A26BDAA9}.Debug|Any CPU.Build.0 = Debug|Any CPU
		{E2D12712-988E-4157-9467-F457A26BDAA9}.Debug|ARM.ActiveCfg = Debug|Any CPU
		{E2D12712-988E-4157-9467-F457A26BDAA9}.Debug|x64.ActiveCfg = Debug|Any CPU
		{E2D12712-988E-4157-9467-F457A26BDAA9}.Debug|x86.ActiveCfg = Debug|Any CPU
		{E2D12712-988E-4157-9467-F457A26BDAA9}.Release|Any CPU.ActiveCfg = Release|Any CPU
		{E2D12712-988E-4157-9467-F457A26BDAA9}.Release|Any CPU.Build.0 = Release|Any CPU
		{E2D12712-988E-4157-9467-F457A26BDAA9}.Release|ARM.ActiveCfg = Release|Any CPU
		{E2D12712-988E-4157-9467-F457A26BDAA9}.Release|x64.ActiveCfg = Release|Any CPU
		{E2D12712-988E-4157-9467-F457A26BDAA9}.Release|x86.ActiveCfg = Release|Any CPU
		{078A8821-E418-449E-BEC6-34D7D9F05D73}.Debug|Any CPU.ActiveCfg = Debug|Any CPU
		{078A8821-E418-449E-BEC6-34D7D9F05D73}.Debug|Any CPU.Build.0 = Debug|Any CPU
		{078A8821-E418-449E-BEC6-34D7D9F05D73}.Debug|ARM.ActiveCfg = Debug|ARM
		{078A8821-E418-449E-BEC6-34D7D9F05D73}.Debug|ARM.Build.0 = Debug|ARM
		{078A8821-E418-449E-BEC6-34D7D9F05D73}.Debug|x64.ActiveCfg = Debug|x64
		{078A8821-E418-449E-BEC6-34D7D9F05D73}.Debug|x64.Build.0 = Debug|x64
		{078A8821-E418-449E-BEC6-34D7D9F05D73}.Debug|x86.ActiveCfg = Debug|x86
		{078A8821-E418-449E-BEC6-34D7D9F05D73}.Debug|x86.Build.0 = Debug|x86
		{078A8821-E418-449E-BEC6-34D7D9F05D73}.Release|Any CPU.ActiveCfg = Release|Any CPU
		{078A8821-E418-449E-BEC6-34D7D9F05D73}.Release|Any CPU.Build.0 = Release|Any CPU
		{078A8821-E418-449E-BEC6-34D7D9F05D73}.Release|ARM.ActiveCfg = Release|ARM
		{078A8821-E418-449E-BEC6-34D7D9F05D73}.Release|ARM.Build.0 = Release|ARM
		{078A8821-E418-449E-BEC6-34D7D9F05D73}.Release|x64.ActiveCfg = Release|x64
		{078A8821-E418-449E-BEC6-34D7D9F05D73}.Release|x64.Build.0 = Release|x64
		{078A8821-E418-449E-BEC6-34D7D9F05D73}.Release|x86.ActiveCfg = Release|x86
		{078A8821-E418-449E-BEC6-34D7D9F05D73}.Release|x86.Build.0 = Release|x86
		{B5F85B21-6EEB-4CAF-A8C4-6F4FFF8D01E6}.Debug|Any CPU.ActiveCfg = Debug|Any CPU
		{B5F85B21-6EEB-4CAF-A8C4-6F4FFF8D01E6}.Debug|Any CPU.Build.0 = Debug|Any CPU
		{B5F85B21-6EEB-4CAF-A8C4-6F4FFF8D01E6}.Debug|ARM.ActiveCfg = Debug|ARM
		{B5F85B21-6EEB-4CAF-A8C4-6F4FFF8D01E6}.Debug|ARM.Build.0 = Debug|ARM
		{B5F85B21-6EEB-4CAF-A8C4-6F4FFF8D01E6}.Debug|x64.ActiveCfg = Debug|x64
		{B5F85B21-6EEB-4CAF-A8C4-6F4FFF8D01E6}.Debug|x64.Build.0 = Debug|x64
		{B5F85B21-6EEB-4CAF-A8C4-6F4FFF8D01E6}.Debug|x86.ActiveCfg = Debug|x86
		{B5F85B21-6EEB-4CAF-A8C4-6F4FFF8D01E6}.Debug|x86.Build.0 = Debug|x86
		{B5F85B21-6EEB-4CAF-A8C4-6F4FFF8D01E6}.Release|Any CPU.ActiveCfg = Release|Any CPU
		{B5F85B21-6EEB-4CAF-A8C4-6F4FFF8D01E6}.Release|Any CPU.Build.0 = Release|Any CPU
		{B5F85B21-6EEB-4CAF-A8C4-6F4FFF8D01E6}.Release|ARM.ActiveCfg = Release|ARM
		{B5F85B21-6EEB-4CAF-A8C4-6F4FFF8D01E6}.Release|ARM.Build.0 = Release|ARM
		{B5F85B21-6EEB-4CAF-A8C4-6F4FFF8D01E6}.Release|x64.ActiveCfg = Release|x64
		{B5F85B21-6EEB-4CAF-A8C4-6F4FFF8D01E6}.Release|x64.Build.0 = Release|x64
		{B5F85B21-6EEB-4CAF-A8C4-6F4FFF8D01E6}.Release|x86.ActiveCfg = Release|x86
		{B5F85B21-6EEB-4CAF-A8C4-6F4FFF8D01E6}.Release|x86.Build.0 = Release|x86
		{EA20361F-5CFF-434D-82FC-C43D242001CF}.Debug|Any CPU.ActiveCfg = Debug|Any CPU
		{EA20361F-5CFF-434D-82FC-C43D242001CF}.Debug|Any CPU.Build.0 = Debug|Any CPU
		{EA20361F-5CFF-434D-82FC-C43D242001CF}.Debug|ARM.ActiveCfg = Debug|Any CPU
		{EA20361F-5CFF-434D-82FC-C43D242001CF}.Debug|x64.ActiveCfg = Debug|Any CPU
		{EA20361F-5CFF-434D-82FC-C43D242001CF}.Debug|x86.ActiveCfg = Debug|Any CPU
		{EA20361F-5CFF-434D-82FC-C43D242001CF}.Release|Any CPU.ActiveCfg = Release|Any CPU
		{EA20361F-5CFF-434D-82FC-C43D242001CF}.Release|Any CPU.Build.0 = Release|Any CPU
		{EA20361F-5CFF-434D-82FC-C43D242001CF}.Release|ARM.ActiveCfg = Release|Any CPU
		{EA20361F-5CFF-434D-82FC-C43D242001CF}.Release|x64.ActiveCfg = Release|Any CPU
		{EA20361F-5CFF-434D-82FC-C43D242001CF}.Release|x86.ActiveCfg = Release|Any CPU
	EndGlobalSection
	GlobalSection(SolutionProperties) = preSolution
		HideSolutionNode = FALSE
	EndGlobalSection
	GlobalSection(NestedProjects) = preSolution
		{A2DEDD80-AEBC-4217-9BC2-7A92004C2DD9} = {1B673711-F126-4AFD-86C5-1DB923896E5D}
		{45462966-3BCE-4D7E-925A-78ACE88A58DB} = {1B673711-F126-4AFD-86C5-1DB923896E5D}
		{6B82130D-8F84-491C-8D10-9E65FEFDF4A8} = {1B673711-F126-4AFD-86C5-1DB923896E5D}
		{DED8CBCD-92A6-4798-96EB-FABE1C63B2C0} = {03688A4E-474B-4FEA-9A54-C88B7FDE62A7}
		{30DB3B54-D590-4CB5-9540-6D811A702735} = {03688A4E-474B-4FEA-9A54-C88B7FDE62A7}
		{FCF2E749-4104-4551-90A4-563A0031FEDB} = {03688A4E-474B-4FEA-9A54-C88B7FDE62A7}
		{88E3C81A-48C3-41F7-B4EC-9142ECBD1215} = {03E68B3D-5885-49CD-A8EC-380AAE55C75A}
		{E679D764-96A6-4811-BCBE-ABA0879DF3D2} = {03E68B3D-5885-49CD-A8EC-380AAE55C75A}
		{E2D12712-988E-4157-9467-F457A26BDAA9} = {03E68B3D-5885-49CD-A8EC-380AAE55C75A}
		{078A8821-E418-449E-BEC6-34D7D9F05D73} = {05217F53-9EEB-4E75-BE29-19A395C17B1F}
		{B5F85B21-6EEB-4CAF-A8C4-6F4FFF8D01E6} = {05217F53-9EEB-4E75-BE29-19A395C17B1F}
		{EA20361F-5CFF-434D-82FC-C43D242001CF} = {1B673711-F126-4AFD-86C5-1DB923896E5D}
	EndGlobalSection
EndGlobal
