
Microsoft Visual Studio Solution File, Format Version 12.00
# Visual Studio 2013
VisualStudioVersion = 12.0.21005.1
MinimumVisualStudioVersion = 10.0.40219.1
Project("{FAE04EC0-301F-11D3-BF4B-00C04F79EFBC}") = "SystemDot.Core", "..\Projects\SystemDot.Core\SystemDot.Core.csproj", "{924FFA17-B0D7-4B57-99C8-73811048C7DD}"
EndProject
Project("{FAE04EC0-301F-11D3-BF4B-00C04F79EFBC}") = "SystemDot.Ioc", "..\Projects\SystemDot.Ioc\SystemDot.Ioc.csproj", "{251DA554-25F0-4F5B-9540-5E617481C85D}"
EndProject
Project("{FAE04EC0-301F-11D3-BF4B-00C04F79EFBC}") = "SystemDot.Configuration", "..\Projects\SystemDot.Configuration\SystemDot.Configuration.csproj", "{6F8ADB8F-FE74-4B19-BDBD-53C3FCF54B67}"
EndProject
Project("{FAE04EC0-301F-11D3-BF4B-00C04F79EFBC}") = "SystemDot.Messaging.Simple", "..\Projects\SystemDot.Messaging.Simple\SystemDot.Messaging.Simple.csproj", "{D9300BE3-41A5-4242-AC31-9B83A3797F46}"
EndProject
Project("{FAE04EC0-301F-11D3-BF4B-00C04F79EFBC}") = "SystemDot.Files", "..\Projects\SystemDot.Files\SystemDot.Files.csproj", "{90EA063D-3013-4FBD-913A-A34C2A0D6C9B}"
EndProject
Project("{FAE04EC0-301F-11D3-BF4B-00C04F79EFBC}") = "SystemDot.Http", "..\Projects\SystemDot.Http\SystemDot.Http.csproj", "{7DC08100-3F8B-4D5E-B743-1E2948F55FCA}"
EndProject
Project("{FAE04EC0-301F-11D3-BF4B-00C04F79EFBC}") = "SystemDot.Logging", "..\Projects\SystemDot.Logging\SystemDot.Logging.csproj", "{286EA592-2156-4AB6-ACCD-E593FCFAAC66}"
EndProject
Project("{FAE04EC0-301F-11D3-BF4B-00C04F79EFBC}") = "SystemDot.Parallelism", "..\Projects\SystemDot.Parallelism\SystemDot.Parallelism.csproj", "{1D68C6B5-A097-49DB-BDF8-F19125DABA98}"
EndProject
Project("{FAE04EC0-301F-11D3-BF4B-00C04F79EFBC}") = "SystemDot.Storage", "..\Projects\SystemDot.Storage\SystemDot.Storage.csproj", "{D3DD9DC9-BC87-4D3C-B15D-D6C5322D3535}"
EndProject
Project("{FAE04EC0-301F-11D3-BF4B-00C04F79EFBC}") = "SystemDot.Serialisation", "..\Projects\SystemDot.Serialisation\SystemDot.Serialisation.csproj", "{6DCF6FC0-804B-4C7F-BAF7-5E410F255F1A}"
EndProject
Project("{FAE04EC0-301F-11D3-BF4B-00C04F79EFBC}") = "SystemDot.ThreadMarshalling", "..\Projects\SystemDot.ThreadMarshalling\SystemDot.ThreadMarshalling.csproj", "{8920AC8B-9D32-49F1-AC5B-494BC22DDBFE}"
EndProject
Project("{FAE04EC0-301F-11D3-BF4B-00C04F79EFBC}") = "SystemDot.Environment", "..\Projects\SystemDot.Environment\SystemDot.Environment.csproj", "{E45BB506-3B61-45CE-85BC-4B099A99E412}"
EndProject
Project("{FAE04EC0-301F-11D3-BF4B-00C04F79EFBC}") = "SystemDot.Messaging.Handling", "..\Projects\SystemDot.Messaging.Handling\SystemDot.Messaging.Handling.csproj", "{287A49E4-0564-47DC-B545-DA7EC8B01DE4}"
EndProject
Project("{FAE04EC0-301F-11D3-BF4B-00C04F79EFBC}") = "SystemDot.Files.Windows", "..\Projects\SystemDot.Files.Windows\SystemDot.Files.Windows.csproj", "{E7BC866E-0627-4FB4-9429-D7CA17C00C68}"
EndProject
Project("{FAE04EC0-301F-11D3-BF4B-00C04F79EFBC}") = "SystemDot.Files.WinRT", "..\Projects\SystemDot.Files.WinRT\SystemDot.Files.WinRT.csproj", "{10C33F47-8474-418B-A027-1569CD6AA8FF}"
EndProject
Project("{FAE04EC0-301F-11D3-BF4B-00C04F79EFBC}") = "SystemDot.Files.Android", "..\projects\SystemDot.Files.Android\SystemDot.Files.Android.csproj", "{97C702DF-B082-4AF5-844B-6287C6F4F32D}"
EndProject
Project("{FAE04EC0-301F-11D3-BF4B-00C04F79EFBC}") = "SystemDot.Environment.Windows", "..\Projects\SystemDot.Environment.Windows\SystemDot.Environment.Windows.csproj", "{A8627B3A-C1AC-492E-A2B9-0F3306B72E41}"
EndProject
Project("{FAE04EC0-301F-11D3-BF4B-00C04F79EFBC}") = "SystemDot.Environment.WinRT", "..\Projects\SystemDot.Environment.WinRT\SystemDot.Environment.WinRT.csproj", "{2C65FED0-D258-49FC-92B8-AB0556EF11FB}"
EndProject
Project("{FAE04EC0-301F-11D3-BF4B-00C04F79EFBC}") = "SystemDot.Environment.Android", "..\Projects\SystemDot.Environment.Android\SystemDot.Environment.Android.csproj", "{8D49DB90-55FC-452F-BFEF-D72AAC9F0F5E}"
EndProject
Project("{FAE04EC0-301F-11D3-BF4B-00C04F79EFBC}") = "SystemDot.Http.Windows", "..\Projects\SystemDot.Http.Windows\SystemDot.Http.Windows.csproj", "{1B5B85E7-68F9-493D-9D47-5FB8D96E46B3}"
EndProject
Project("{FAE04EC0-301F-11D3-BF4B-00C04F79EFBC}") = "SystemDot.Http.WinRT", "..\Projects\SystemDot.Http.WinRT\SystemDot.Http.WinRT.csproj", "{421D1C6B-FF45-4513-A061-977FFC28C950}"
EndProject
Project("{FAE04EC0-301F-11D3-BF4B-00C04F79EFBC}") = "SystemDot.Http.Android", "..\Projects\SystemDot.Http.Android\SystemDot.Http.Android.csproj", "{3944C7BB-1C67-49DC-88C4-2332474F709D}"
EndProject
Project("{FAE04EC0-301F-11D3-BF4B-00C04F79EFBC}") = "SystemDot.Logging.Android", "..\Projects\SystemDot.Logging.Android\SystemDot.Logging.Android.csproj", "{7E41DFCB-FDF5-4531-8129-8C1BD3550534}"
EndProject
Project("{FAE04EC0-301F-11D3-BF4B-00C04F79EFBC}") = "SystemDot.Logging.Windows", "..\Projects\SystemDot.Logging.Windows\SystemDot.Logging.Windows.csproj", "{DFB3953F-11D1-4E67-8203-0BC087B8FA00}"
EndProject
Project("{FAE04EC0-301F-11D3-BF4B-00C04F79EFBC}") = "SystemDot.Logging.WinRT", "..\Projects\SystemDot.Logging.WinRT\SystemDot.Logging.WinRT.csproj", "{6498AA57-F5F1-41F0-BE5F-C3EF0F43C0B5}"
EndProject
Project("{FAE04EC0-301F-11D3-BF4B-00C04F79EFBC}") = "SystemDot.Parallelism.WinRT", "..\Projects\SystemDot.Parallelism.WinRT\SystemDot.Parallelism.WinRT.csproj", "{4C8E8639-EF19-41B8-878B-66ABE6ADAA73}"
EndProject
Project("{FAE04EC0-301F-11D3-BF4B-00C04F79EFBC}") = "SystemDot.Parallelism.Windows", "..\Projects\SystemDot.Parallelism.Windows\SystemDot.Parallelism.Windows.csproj", "{02BCA143-1979-4CFB-9777-09E8C9D16F78}"
EndProject
Project("{FAE04EC0-301F-11D3-BF4B-00C04F79EFBC}") = "SystemDot.Parallelism.Android", "..\Projects\SystemDot.Parallelism.Android\SystemDot.Parallelism.Android.csproj", "{77FB8184-5C43-49FC-886A-9791441C9396}"
EndProject
Project("{FAE04EC0-301F-11D3-BF4B-00C04F79EFBC}") = "SystemDot.ThreadMarshalling.WinRT", "..\Projects\SystemDot.ThreadMarshalling.WinRT\SystemDot.ThreadMarshalling.WinRT.csproj", "{75A663CB-9E7D-4B17-977F-6203CD2364B2}"
EndProject
Project("{FAE04EC0-301F-11D3-BF4B-00C04F79EFBC}") = "SystemDot.ThreadMarshalling.Windows", "..\Projects\SystemDot.ThreadMarshalling.Windows\SystemDot.ThreadMarshalling.Windows.csproj", "{F9DE550B-11A8-4198-8224-F3A3CAB74A91}"
EndProject
Project("{FAE04EC0-301F-11D3-BF4B-00C04F79EFBC}") = "SystemDot.ThreadMarshalling.Android", "..\Projects\SystemDot.ThreadMarshalling.Android\SystemDot.ThreadMarshalling.Android.csproj", "{136A17FE-B39C-4B71-ABDA-89601E3C9490}"
EndProject
Project("{FAE04EC0-301F-11D3-BF4B-00C04F79EFBC}") = "SystemDot.Specifications", "..\Projects\SystemDot.Specifications\SystemDot.Specifications.csproj", "{64C9484E-CC64-4C6D-AAB6-62CCA020D4DC}"
EndProject
Project("{2150E333-8FDC-42A3-9474-1A3956D46DE8}") = "Messaging", "Messaging", "{F6D89E9E-4228-484E-836D-3B87F675D0D5}"
EndProject
Project("{FAE04EC0-301F-11D3-BF4B-00C04F79EFBC}") = "SystemDot.Environment.iOS", "..\Projects\SystemDot.Environment.iOS\SystemDot.Environment.iOS.csproj", "{A55178B9-205D-4683-9B11-CC421E75D470}"
EndProject
Project("{FAE04EC0-301F-11D3-BF4B-00C04F79EFBC}") = "SystemDot.Files.iOS", "..\Projects\SystemDot.Files.iOS\SystemDot.Files.iOS.csproj", "{53736951-4C4F-46BE-BB1D-031FA2EBDEE2}"
EndProject
Project("{FAE04EC0-301F-11D3-BF4B-00C04F79EFBC}") = "SystemDot.Http.iOS", "..\Projects\SystemDot.Http.iOS\SystemDot.Http.iOS.csproj", "{99BA91AD-0214-4B46-BF5E-935D07EB3408}"
EndProject
Project("{FAE04EC0-301F-11D3-BF4B-00C04F79EFBC}") = "SystemDot.Logging.iOS", "..\Projects\SystemDot.Logging.iOS\SystemDot.Logging.iOS.csproj", "{8E1227A3-0051-49FE-A4A9-8171C64221F0}"
EndProject
Project("{FAE04EC0-301F-11D3-BF4B-00C04F79EFBC}") = "SystemDot.Parallelism.iOS", "..\Projects\SystemDot.Parallelism.iOS\SystemDot.Parallelism.iOS.csproj", "{165CD0F9-96DD-4234-8DAB-0EA18AD43825}"
EndProject
Project("{FAE04EC0-301F-11D3-BF4B-00C04F79EFBC}") = "SystemDot.ThreadMarshalling.iOS", "..\Projects\SystemDot.ThreadMarshalling.iOS\SystemDot.ThreadMarshalling.iOS.csproj", "{988BEA2E-0A25-4429-9724-381B8FEFABDD}"
EndProject
Project("{2150E333-8FDC-42A3-9474-1A3956D46DE8}") = "Environment", "Environment", "{C9DFD52B-0006-4183-8A78-B73959B51462}"
EndProject
Project("{2150E333-8FDC-42A3-9474-1A3956D46DE8}") = "Files", "Files", "{C37929FD-8901-4FAD-943A-749324596B16}"
EndProject
Project("{2150E333-8FDC-42A3-9474-1A3956D46DE8}") = "Http", "Http", "{89121402-1D4F-4B2E-9151-C0CB85D10AB3}"
EndProject
Project("{2150E333-8FDC-42A3-9474-1A3956D46DE8}") = "Logging", "Logging", "{7A914ACA-27A6-4B96-8386-FF4531B84B8D}"
EndProject
Project("{2150E333-8FDC-42A3-9474-1A3956D46DE8}") = "Parallelism", "Parallelism", "{405257E4-E197-48E5-AEBB-7223AD62C280}"
EndProject
Project("{2150E333-8FDC-42A3-9474-1A3956D46DE8}") = "ThreadMarshalling", "ThreadMarshalling", "{40C211CF-EB91-479C-A37A-2855AAE7E591}"
EndProject
Global
	GlobalSection(SolutionConfigurationPlatforms) = preSolution
		Debug|Any CPU = Debug|Any CPU
		Debug|ARM = Debug|ARM
		Debug|x64 = Debug|x64
		Debug|x86 = Debug|x86
		Release|Any CPU = Release|Any CPU
		Release|ARM = Release|ARM
		Release|x64 = Release|x64
		Release|x86 = Release|x86
	EndGlobalSection
	GlobalSection(ProjectConfigurationPlatforms) = postSolution
		{924FFA17-B0D7-4B57-99C8-73811048C7DD}.Debug|Any CPU.ActiveCfg = Debug|Any CPU
		{924FFA17-B0D7-4B57-99C8-73811048C7DD}.Debug|Any CPU.Build.0 = Debug|Any CPU
		{924FFA17-B0D7-4B57-99C8-73811048C7DD}.Debug|ARM.ActiveCfg = Debug|Any CPU
		{924FFA17-B0D7-4B57-99C8-73811048C7DD}.Debug|x64.ActiveCfg = Debug|Any CPU
		{924FFA17-B0D7-4B57-99C8-73811048C7DD}.Debug|x86.ActiveCfg = Debug|Any CPU
		{924FFA17-B0D7-4B57-99C8-73811048C7DD}.Release|Any CPU.ActiveCfg = Release|Any CPU
		{924FFA17-B0D7-4B57-99C8-73811048C7DD}.Release|Any CPU.Build.0 = Release|Any CPU
		{924FFA17-B0D7-4B57-99C8-73811048C7DD}.Release|ARM.ActiveCfg = Release|Any CPU
		{924FFA17-B0D7-4B57-99C8-73811048C7DD}.Release|x64.ActiveCfg = Release|Any CPU
		{924FFA17-B0D7-4B57-99C8-73811048C7DD}.Release|x86.ActiveCfg = Release|Any CPU
		{251DA554-25F0-4F5B-9540-5E617481C85D}.Debug|Any CPU.ActiveCfg = Debug|Any CPU
		{251DA554-25F0-4F5B-9540-5E617481C85D}.Debug|Any CPU.Build.0 = Debug|Any CPU
		{251DA554-25F0-4F5B-9540-5E617481C85D}.Debug|ARM.ActiveCfg = Debug|Any CPU
		{251DA554-25F0-4F5B-9540-5E617481C85D}.Debug|x64.ActiveCfg = Debug|Any CPU
		{251DA554-25F0-4F5B-9540-5E617481C85D}.Debug|x86.ActiveCfg = Debug|Any CPU
		{251DA554-25F0-4F5B-9540-5E617481C85D}.Release|Any CPU.ActiveCfg = Release|Any CPU
		{251DA554-25F0-4F5B-9540-5E617481C85D}.Release|Any CPU.Build.0 = Release|Any CPU
		{251DA554-25F0-4F5B-9540-5E617481C85D}.Release|ARM.ActiveCfg = Release|Any CPU
		{251DA554-25F0-4F5B-9540-5E617481C85D}.Release|x64.ActiveCfg = Release|Any CPU
		{251DA554-25F0-4F5B-9540-5E617481C85D}.Release|x86.ActiveCfg = Release|Any CPU
		{6F8ADB8F-FE74-4B19-BDBD-53C3FCF54B67}.Debug|Any CPU.ActiveCfg = Debug|Any CPU
		{6F8ADB8F-FE74-4B19-BDBD-53C3FCF54B67}.Debug|Any CPU.Build.0 = Debug|Any CPU
		{6F8ADB8F-FE74-4B19-BDBD-53C3FCF54B67}.Debug|ARM.ActiveCfg = Debug|Any CPU
		{6F8ADB8F-FE74-4B19-BDBD-53C3FCF54B67}.Debug|x64.ActiveCfg = Debug|Any CPU
		{6F8ADB8F-FE74-4B19-BDBD-53C3FCF54B67}.Debug|x86.ActiveCfg = Debug|Any CPU
		{6F8ADB8F-FE74-4B19-BDBD-53C3FCF54B67}.Release|Any CPU.ActiveCfg = Release|Any CPU
		{6F8ADB8F-FE74-4B19-BDBD-53C3FCF54B67}.Release|Any CPU.Build.0 = Release|Any CPU
		{6F8ADB8F-FE74-4B19-BDBD-53C3FCF54B67}.Release|ARM.ActiveCfg = Release|Any CPU
		{6F8ADB8F-FE74-4B19-BDBD-53C3FCF54B67}.Release|x64.ActiveCfg = Release|Any CPU
		{6F8ADB8F-FE74-4B19-BDBD-53C3FCF54B67}.Release|x86.ActiveCfg = Release|Any CPU
		{D9300BE3-41A5-4242-AC31-9B83A3797F46}.Debug|Any CPU.ActiveCfg = Debug|Any CPU
		{D9300BE3-41A5-4242-AC31-9B83A3797F46}.Debug|Any CPU.Build.0 = Debug|Any CPU
		{D9300BE3-41A5-4242-AC31-9B83A3797F46}.Debug|ARM.ActiveCfg = Debug|Any CPU
		{D9300BE3-41A5-4242-AC31-9B83A3797F46}.Debug|x64.ActiveCfg = Debug|Any CPU
		{D9300BE3-41A5-4242-AC31-9B83A3797F46}.Debug|x86.ActiveCfg = Debug|Any CPU
		{D9300BE3-41A5-4242-AC31-9B83A3797F46}.Release|Any CPU.ActiveCfg = Release|Any CPU
		{D9300BE3-41A5-4242-AC31-9B83A3797F46}.Release|Any CPU.Build.0 = Release|Any CPU
		{D9300BE3-41A5-4242-AC31-9B83A3797F46}.Release|ARM.ActiveCfg = Release|Any CPU
		{D9300BE3-41A5-4242-AC31-9B83A3797F46}.Release|x64.ActiveCfg = Release|Any CPU
		{D9300BE3-41A5-4242-AC31-9B83A3797F46}.Release|x86.ActiveCfg = Release|Any CPU
		{90EA063D-3013-4FBD-913A-A34C2A0D6C9B}.Debug|Any CPU.ActiveCfg = Debug|Any CPU
		{90EA063D-3013-4FBD-913A-A34C2A0D6C9B}.Debug|Any CPU.Build.0 = Debug|Any CPU
		{90EA063D-3013-4FBD-913A-A34C2A0D6C9B}.Debug|ARM.ActiveCfg = Debug|Any CPU
		{90EA063D-3013-4FBD-913A-A34C2A0D6C9B}.Debug|x64.ActiveCfg = Debug|Any CPU
		{90EA063D-3013-4FBD-913A-A34C2A0D6C9B}.Debug|x86.ActiveCfg = Debug|Any CPU
		{90EA063D-3013-4FBD-913A-A34C2A0D6C9B}.Release|Any CPU.ActiveCfg = Release|Any CPU
		{90EA063D-3013-4FBD-913A-A34C2A0D6C9B}.Release|Any CPU.Build.0 = Release|Any CPU
		{90EA063D-3013-4FBD-913A-A34C2A0D6C9B}.Release|ARM.ActiveCfg = Release|Any CPU
		{90EA063D-3013-4FBD-913A-A34C2A0D6C9B}.Release|x64.ActiveCfg = Release|Any CPU
		{90EA063D-3013-4FBD-913A-A34C2A0D6C9B}.Release|x86.ActiveCfg = Release|Any CPU
		{7DC08100-3F8B-4D5E-B743-1E2948F55FCA}.Debug|Any CPU.ActiveCfg = Debug|Any CPU
		{7DC08100-3F8B-4D5E-B743-1E2948F55FCA}.Debug|Any CPU.Build.0 = Debug|Any CPU
		{7DC08100-3F8B-4D5E-B743-1E2948F55FCA}.Debug|ARM.ActiveCfg = Debug|Any CPU
		{7DC08100-3F8B-4D5E-B743-1E2948F55FCA}.Debug|x64.ActiveCfg = Debug|Any CPU
		{7DC08100-3F8B-4D5E-B743-1E2948F55FCA}.Debug|x86.ActiveCfg = Debug|Any CPU
		{7DC08100-3F8B-4D5E-B743-1E2948F55FCA}.Release|Any CPU.ActiveCfg = Release|Any CPU
		{7DC08100-3F8B-4D5E-B743-1E2948F55FCA}.Release|Any CPU.Build.0 = Release|Any CPU
		{7DC08100-3F8B-4D5E-B743-1E2948F55FCA}.Release|ARM.ActiveCfg = Release|Any CPU
		{7DC08100-3F8B-4D5E-B743-1E2948F55FCA}.Release|x64.ActiveCfg = Release|Any CPU
		{7DC08100-3F8B-4D5E-B743-1E2948F55FCA}.Release|x86.ActiveCfg = Release|Any CPU
		{286EA592-2156-4AB6-ACCD-E593FCFAAC66}.Debug|Any CPU.ActiveCfg = Debug|Any CPU
		{286EA592-2156-4AB6-ACCD-E593FCFAAC66}.Debug|Any CPU.Build.0 = Debug|Any CPU
		{286EA592-2156-4AB6-ACCD-E593FCFAAC66}.Debug|ARM.ActiveCfg = Debug|Any CPU
		{286EA592-2156-4AB6-ACCD-E593FCFAAC66}.Debug|x64.ActiveCfg = Debug|Any CPU
		{286EA592-2156-4AB6-ACCD-E593FCFAAC66}.Debug|x86.ActiveCfg = Debug|Any CPU
		{286EA592-2156-4AB6-ACCD-E593FCFAAC66}.Release|Any CPU.ActiveCfg = Release|Any CPU
		{286EA592-2156-4AB6-ACCD-E593FCFAAC66}.Release|Any CPU.Build.0 = Release|Any CPU
		{286EA592-2156-4AB6-ACCD-E593FCFAAC66}.Release|ARM.ActiveCfg = Release|Any CPU
		{286EA592-2156-4AB6-ACCD-E593FCFAAC66}.Release|x64.ActiveCfg = Release|Any CPU
		{286EA592-2156-4AB6-ACCD-E593FCFAAC66}.Release|x86.ActiveCfg = Release|Any CPU
		{1D68C6B5-A097-49DB-BDF8-F19125DABA98}.Debug|Any CPU.ActiveCfg = Debug|Any CPU
		{1D68C6B5-A097-49DB-BDF8-F19125DABA98}.Debug|Any CPU.Build.0 = Debug|Any CPU
		{1D68C6B5-A097-49DB-BDF8-F19125DABA98}.Debug|ARM.ActiveCfg = Debug|Any CPU
		{1D68C6B5-A097-49DB-BDF8-F19125DABA98}.Debug|x64.ActiveCfg = Debug|Any CPU
		{1D68C6B5-A097-49DB-BDF8-F19125DABA98}.Debug|x86.ActiveCfg = Debug|Any CPU
		{1D68C6B5-A097-49DB-BDF8-F19125DABA98}.Release|Any CPU.ActiveCfg = Release|Any CPU
		{1D68C6B5-A097-49DB-BDF8-F19125DABA98}.Release|Any CPU.Build.0 = Release|Any CPU
		{1D68C6B5-A097-49DB-BDF8-F19125DABA98}.Release|ARM.ActiveCfg = Release|Any CPU
		{1D68C6B5-A097-49DB-BDF8-F19125DABA98}.Release|x64.ActiveCfg = Release|Any CPU
		{1D68C6B5-A097-49DB-BDF8-F19125DABA98}.Release|x86.ActiveCfg = Release|Any CPU
		{D3DD9DC9-BC87-4D3C-B15D-D6C5322D3535}.Debug|Any CPU.ActiveCfg = Debug|Any CPU
		{D3DD9DC9-BC87-4D3C-B15D-D6C5322D3535}.Debug|Any CPU.Build.0 = Debug|Any CPU
		{D3DD9DC9-BC87-4D3C-B15D-D6C5322D3535}.Debug|ARM.ActiveCfg = Debug|Any CPU
		{D3DD9DC9-BC87-4D3C-B15D-D6C5322D3535}.Debug|x64.ActiveCfg = Debug|Any CPU
		{D3DD9DC9-BC87-4D3C-B15D-D6C5322D3535}.Debug|x86.ActiveCfg = Debug|Any CPU
		{D3DD9DC9-BC87-4D3C-B15D-D6C5322D3535}.Release|Any CPU.ActiveCfg = Release|Any CPU
		{D3DD9DC9-BC87-4D3C-B15D-D6C5322D3535}.Release|Any CPU.Build.0 = Release|Any CPU
		{D3DD9DC9-BC87-4D3C-B15D-D6C5322D3535}.Release|ARM.ActiveCfg = Release|Any CPU
		{D3DD9DC9-BC87-4D3C-B15D-D6C5322D3535}.Release|x64.ActiveCfg = Release|Any CPU
		{D3DD9DC9-BC87-4D3C-B15D-D6C5322D3535}.Release|x86.ActiveCfg = Release|Any CPU
		{6DCF6FC0-804B-4C7F-BAF7-5E410F255F1A}.Debug|Any CPU.ActiveCfg = Debug|Any CPU
		{6DCF6FC0-804B-4C7F-BAF7-5E410F255F1A}.Debug|Any CPU.Build.0 = Debug|Any CPU
		{6DCF6FC0-804B-4C7F-BAF7-5E410F255F1A}.Debug|ARM.ActiveCfg = Debug|Any CPU
		{6DCF6FC0-804B-4C7F-BAF7-5E410F255F1A}.Debug|x64.ActiveCfg = Debug|Any CPU
		{6DCF6FC0-804B-4C7F-BAF7-5E410F255F1A}.Debug|x86.ActiveCfg = Debug|Any CPU
		{6DCF6FC0-804B-4C7F-BAF7-5E410F255F1A}.Release|Any CPU.ActiveCfg = Release|Any CPU
		{6DCF6FC0-804B-4C7F-BAF7-5E410F255F1A}.Release|Any CPU.Build.0 = Release|Any CPU
		{6DCF6FC0-804B-4C7F-BAF7-5E410F255F1A}.Release|ARM.ActiveCfg = Release|Any CPU
		{6DCF6FC0-804B-4C7F-BAF7-5E410F255F1A}.Release|x64.ActiveCfg = Release|Any CPU
		{6DCF6FC0-804B-4C7F-BAF7-5E410F255F1A}.Release|x86.ActiveCfg = Release|Any CPU
		{8920AC8B-9D32-49F1-AC5B-494BC22DDBFE}.Debug|Any CPU.ActiveCfg = Debug|Any CPU
		{8920AC8B-9D32-49F1-AC5B-494BC22DDBFE}.Debug|Any CPU.Build.0 = Debug|Any CPU
		{8920AC8B-9D32-49F1-AC5B-494BC22DDBFE}.Debug|ARM.ActiveCfg = Debug|Any CPU
		{8920AC8B-9D32-49F1-AC5B-494BC22DDBFE}.Debug|x64.ActiveCfg = Debug|Any CPU
		{8920AC8B-9D32-49F1-AC5B-494BC22DDBFE}.Debug|x86.ActiveCfg = Debug|Any CPU
		{8920AC8B-9D32-49F1-AC5B-494BC22DDBFE}.Release|Any CPU.ActiveCfg = Release|Any CPU
		{8920AC8B-9D32-49F1-AC5B-494BC22DDBFE}.Release|Any CPU.Build.0 = Release|Any CPU
		{8920AC8B-9D32-49F1-AC5B-494BC22DDBFE}.Release|ARM.ActiveCfg = Release|Any CPU
		{8920AC8B-9D32-49F1-AC5B-494BC22DDBFE}.Release|x64.ActiveCfg = Release|Any CPU
		{8920AC8B-9D32-49F1-AC5B-494BC22DDBFE}.Release|x86.ActiveCfg = Release|Any CPU
		{E45BB506-3B61-45CE-85BC-4B099A99E412}.Debug|Any CPU.ActiveCfg = Debug|Any CPU
		{E45BB506-3B61-45CE-85BC-4B099A99E412}.Debug|Any CPU.Build.0 = Debug|Any CPU
		{E45BB506-3B61-45CE-85BC-4B099A99E412}.Debug|ARM.ActiveCfg = Debug|Any CPU
		{E45BB506-3B61-45CE-85BC-4B099A99E412}.Debug|x64.ActiveCfg = Debug|Any CPU
		{E45BB506-3B61-45CE-85BC-4B099A99E412}.Debug|x86.ActiveCfg = Debug|Any CPU
		{E45BB506-3B61-45CE-85BC-4B099A99E412}.Release|Any CPU.ActiveCfg = Release|Any CPU
		{E45BB506-3B61-45CE-85BC-4B099A99E412}.Release|Any CPU.Build.0 = Release|Any CPU
		{E45BB506-3B61-45CE-85BC-4B099A99E412}.Release|ARM.ActiveCfg = Release|Any CPU
		{E45BB506-3B61-45CE-85BC-4B099A99E412}.Release|x64.ActiveCfg = Release|Any CPU
		{E45BB506-3B61-45CE-85BC-4B099A99E412}.Release|x86.ActiveCfg = Release|Any CPU
		{287A49E4-0564-47DC-B545-DA7EC8B01DE4}.Debug|Any CPU.ActiveCfg = Debug|Any CPU
		{287A49E4-0564-47DC-B545-DA7EC8B01DE4}.Debug|Any CPU.Build.0 = Debug|Any CPU
		{287A49E4-0564-47DC-B545-DA7EC8B01DE4}.Debug|ARM.ActiveCfg = Debug|Any CPU
		{287A49E4-0564-47DC-B545-DA7EC8B01DE4}.Debug|x64.ActiveCfg = Debug|Any CPU
		{287A49E4-0564-47DC-B545-DA7EC8B01DE4}.Debug|x86.ActiveCfg = Debug|Any CPU
		{287A49E4-0564-47DC-B545-DA7EC8B01DE4}.Release|Any CPU.ActiveCfg = Release|Any CPU
		{287A49E4-0564-47DC-B545-DA7EC8B01DE4}.Release|Any CPU.Build.0 = Release|Any CPU
		{287A49E4-0564-47DC-B545-DA7EC8B01DE4}.Release|ARM.ActiveCfg = Release|Any CPU
		{287A49E4-0564-47DC-B545-DA7EC8B01DE4}.Release|x64.ActiveCfg = Release|Any CPU
		{287A49E4-0564-47DC-B545-DA7EC8B01DE4}.Release|x86.ActiveCfg = Release|Any CPU
		{E7BC866E-0627-4FB4-9429-D7CA17C00C68}.Debug|Any CPU.ActiveCfg = Debug|Any CPU
		{E7BC866E-0627-4FB4-9429-D7CA17C00C68}.Debug|Any CPU.Build.0 = Debug|Any CPU
		{E7BC866E-0627-4FB4-9429-D7CA17C00C68}.Debug|ARM.ActiveCfg = Debug|Any CPU
		{E7BC866E-0627-4FB4-9429-D7CA17C00C68}.Debug|x64.ActiveCfg = Debug|Any CPU
		{E7BC866E-0627-4FB4-9429-D7CA17C00C68}.Debug|x86.ActiveCfg = Debug|Any CPU
		{E7BC866E-0627-4FB4-9429-D7CA17C00C68}.Release|Any CPU.ActiveCfg = Release|Any CPU
		{E7BC866E-0627-4FB4-9429-D7CA17C00C68}.Release|Any CPU.Build.0 = Release|Any CPU
		{E7BC866E-0627-4FB4-9429-D7CA17C00C68}.Release|ARM.ActiveCfg = Release|Any CPU
		{E7BC866E-0627-4FB4-9429-D7CA17C00C68}.Release|x64.ActiveCfg = Release|Any CPU
		{E7BC866E-0627-4FB4-9429-D7CA17C00C68}.Release|x86.ActiveCfg = Release|Any CPU
		{10C33F47-8474-418B-A027-1569CD6AA8FF}.Debug|Any CPU.ActiveCfg = Debug|Any CPU
		{10C33F47-8474-418B-A027-1569CD6AA8FF}.Debug|Any CPU.Build.0 = Debug|Any CPU
		{10C33F47-8474-418B-A027-1569CD6AA8FF}.Debug|ARM.ActiveCfg = Debug|ARM
		{10C33F47-8474-418B-A027-1569CD6AA8FF}.Debug|ARM.Build.0 = Debug|ARM
		{10C33F47-8474-418B-A027-1569CD6AA8FF}.Debug|x64.ActiveCfg = Debug|x64
		{10C33F47-8474-418B-A027-1569CD6AA8FF}.Debug|x64.Build.0 = Debug|x64
		{10C33F47-8474-418B-A027-1569CD6AA8FF}.Debug|x86.ActiveCfg = Debug|x86
		{10C33F47-8474-418B-A027-1569CD6AA8FF}.Debug|x86.Build.0 = Debug|x86
		{10C33F47-8474-418B-A027-1569CD6AA8FF}.Release|Any CPU.ActiveCfg = Release|Any CPU
		{10C33F47-8474-418B-A027-1569CD6AA8FF}.Release|Any CPU.Build.0 = Release|Any CPU
		{10C33F47-8474-418B-A027-1569CD6AA8FF}.Release|ARM.ActiveCfg = Release|ARM
		{10C33F47-8474-418B-A027-1569CD6AA8FF}.Release|ARM.Build.0 = Release|ARM
		{10C33F47-8474-418B-A027-1569CD6AA8FF}.Release|x64.ActiveCfg = Release|x64
		{10C33F47-8474-418B-A027-1569CD6AA8FF}.Release|x64.Build.0 = Release|x64
		{10C33F47-8474-418B-A027-1569CD6AA8FF}.Release|x86.ActiveCfg = Release|x86
		{10C33F47-8474-418B-A027-1569CD6AA8FF}.Release|x86.Build.0 = Release|x86
		{97C702DF-B082-4AF5-844B-6287C6F4F32D}.Debug|Any CPU.ActiveCfg = Debug|Any CPU
		{97C702DF-B082-4AF5-844B-6287C6F4F32D}.Debug|Any CPU.Build.0 = Debug|Any CPU
		{97C702DF-B082-4AF5-844B-6287C6F4F32D}.Debug|ARM.ActiveCfg = Debug|Any CPU
		{97C702DF-B082-4AF5-844B-6287C6F4F32D}.Debug|x64.ActiveCfg = Debug|Any CPU
		{97C702DF-B082-4AF5-844B-6287C6F4F32D}.Debug|x86.ActiveCfg = Debug|Any CPU
		{97C702DF-B082-4AF5-844B-6287C6F4F32D}.Release|Any CPU.ActiveCfg = Release|Any CPU
		{97C702DF-B082-4AF5-844B-6287C6F4F32D}.Release|Any CPU.Build.0 = Release|Any CPU
		{97C702DF-B082-4AF5-844B-6287C6F4F32D}.Release|ARM.ActiveCfg = Release|Any CPU
		{97C702DF-B082-4AF5-844B-6287C6F4F32D}.Release|x64.ActiveCfg = Release|Any CPU
		{97C702DF-B082-4AF5-844B-6287C6F4F32D}.Release|x86.ActiveCfg = Release|Any CPU
		{A8627B3A-C1AC-492E-A2B9-0F3306B72E41}.Debug|Any CPU.ActiveCfg = Debug|Any CPU
		{A8627B3A-C1AC-492E-A2B9-0F3306B72E41}.Debug|Any CPU.Build.0 = Debug|Any CPU
		{A8627B3A-C1AC-492E-A2B9-0F3306B72E41}.Debug|ARM.ActiveCfg = Debug|Any CPU
		{A8627B3A-C1AC-492E-A2B9-0F3306B72E41}.Debug|x64.ActiveCfg = Debug|Any CPU
		{A8627B3A-C1AC-492E-A2B9-0F3306B72E41}.Debug|x86.ActiveCfg = Debug|Any CPU
		{A8627B3A-C1AC-492E-A2B9-0F3306B72E41}.Release|Any CPU.ActiveCfg = Release|Any CPU
		{A8627B3A-C1AC-492E-A2B9-0F3306B72E41}.Release|Any CPU.Build.0 = Release|Any CPU
		{A8627B3A-C1AC-492E-A2B9-0F3306B72E41}.Release|ARM.ActiveCfg = Release|Any CPU
		{A8627B3A-C1AC-492E-A2B9-0F3306B72E41}.Release|x64.ActiveCfg = Release|Any CPU
		{A8627B3A-C1AC-492E-A2B9-0F3306B72E41}.Release|x86.ActiveCfg = Release|Any CPU
		{2C65FED0-D258-49FC-92B8-AB0556EF11FB}.Debug|Any CPU.ActiveCfg = Debug|Any CPU
		{2C65FED0-D258-49FC-92B8-AB0556EF11FB}.Debug|Any CPU.Build.0 = Debug|Any CPU
		{2C65FED0-D258-49FC-92B8-AB0556EF11FB}.Debug|ARM.ActiveCfg = Debug|ARM
		{2C65FED0-D258-49FC-92B8-AB0556EF11FB}.Debug|ARM.Build.0 = Debug|ARM
		{2C65FED0-D258-49FC-92B8-AB0556EF11FB}.Debug|x64.ActiveCfg = Debug|x64
		{2C65FED0-D258-49FC-92B8-AB0556EF11FB}.Debug|x64.Build.0 = Debug|x64
		{2C65FED0-D258-49FC-92B8-AB0556EF11FB}.Debug|x86.ActiveCfg = Debug|x86
		{2C65FED0-D258-49FC-92B8-AB0556EF11FB}.Debug|x86.Build.0 = Debug|x86
		{2C65FED0-D258-49FC-92B8-AB0556EF11FB}.Release|Any CPU.ActiveCfg = Release|Any CPU
		{2C65FED0-D258-49FC-92B8-AB0556EF11FB}.Release|Any CPU.Build.0 = Release|Any CPU
		{2C65FED0-D258-49FC-92B8-AB0556EF11FB}.Release|ARM.ActiveCfg = Release|ARM
		{2C65FED0-D258-49FC-92B8-AB0556EF11FB}.Release|ARM.Build.0 = Release|ARM
		{2C65FED0-D258-49FC-92B8-AB0556EF11FB}.Release|x64.ActiveCfg = Release|x64
		{2C65FED0-D258-49FC-92B8-AB0556EF11FB}.Release|x64.Build.0 = Release|x64
		{2C65FED0-D258-49FC-92B8-AB0556EF11FB}.Release|x86.ActiveCfg = Release|x86
		{2C65FED0-D258-49FC-92B8-AB0556EF11FB}.Release|x86.Build.0 = Release|x86
		{8D49DB90-55FC-452F-BFEF-D72AAC9F0F5E}.Debug|Any CPU.ActiveCfg = Debug|Any CPU
		{8D49DB90-55FC-452F-BFEF-D72AAC9F0F5E}.Debug|Any CPU.Build.0 = Debug|Any CPU
		{8D49DB90-55FC-452F-BFEF-D72AAC9F0F5E}.Debug|ARM.ActiveCfg = Debug|Any CPU
		{8D49DB90-55FC-452F-BFEF-D72AAC9F0F5E}.Debug|x64.ActiveCfg = Debug|Any CPU
		{8D49DB90-55FC-452F-BFEF-D72AAC9F0F5E}.Debug|x86.ActiveCfg = Debug|Any CPU
		{8D49DB90-55FC-452F-BFEF-D72AAC9F0F5E}.Release|Any CPU.ActiveCfg = Release|Any CPU
		{8D49DB90-55FC-452F-BFEF-D72AAC9F0F5E}.Release|Any CPU.Build.0 = Release|Any CPU
		{8D49DB90-55FC-452F-BFEF-D72AAC9F0F5E}.Release|ARM.ActiveCfg = Release|Any CPU
		{8D49DB90-55FC-452F-BFEF-D72AAC9F0F5E}.Release|x64.ActiveCfg = Release|Any CPU
		{8D49DB90-55FC-452F-BFEF-D72AAC9F0F5E}.Release|x86.ActiveCfg = Release|Any CPU
		{1B5B85E7-68F9-493D-9D47-5FB8D96E46B3}.Debug|Any CPU.ActiveCfg = Debug|Any CPU
		{1B5B85E7-68F9-493D-9D47-5FB8D96E46B3}.Debug|Any CPU.Build.0 = Debug|Any CPU
		{1B5B85E7-68F9-493D-9D47-5FB8D96E46B3}.Debug|ARM.ActiveCfg = Debug|Any CPU
		{1B5B85E7-68F9-493D-9D47-5FB8D96E46B3}.Debug|x64.ActiveCfg = Debug|Any CPU
		{1B5B85E7-68F9-493D-9D47-5FB8D96E46B3}.Debug|x86.ActiveCfg = Debug|Any CPU
		{1B5B85E7-68F9-493D-9D47-5FB8D96E46B3}.Release|Any CPU.ActiveCfg = Release|Any CPU
		{1B5B85E7-68F9-493D-9D47-5FB8D96E46B3}.Release|Any CPU.Build.0 = Release|Any CPU
		{1B5B85E7-68F9-493D-9D47-5FB8D96E46B3}.Release|ARM.ActiveCfg = Release|Any CPU
		{1B5B85E7-68F9-493D-9D47-5FB8D96E46B3}.Release|x64.ActiveCfg = Release|Any CPU
		{1B5B85E7-68F9-493D-9D47-5FB8D96E46B3}.Release|x86.ActiveCfg = Release|Any CPU
		{421D1C6B-FF45-4513-A061-977FFC28C950}.Debug|Any CPU.ActiveCfg = Debug|Any CPU
		{421D1C6B-FF45-4513-A061-977FFC28C950}.Debug|Any CPU.Build.0 = Debug|Any CPU
		{421D1C6B-FF45-4513-A061-977FFC28C950}.Debug|ARM.ActiveCfg = Debug|ARM
		{421D1C6B-FF45-4513-A061-977FFC28C950}.Debug|ARM.Build.0 = Debug|ARM
		{421D1C6B-FF45-4513-A061-977FFC28C950}.Debug|x64.ActiveCfg = Debug|x64
		{421D1C6B-FF45-4513-A061-977FFC28C950}.Debug|x64.Build.0 = Debug|x64
		{421D1C6B-FF45-4513-A061-977FFC28C950}.Debug|x86.ActiveCfg = Debug|x86
		{421D1C6B-FF45-4513-A061-977FFC28C950}.Debug|x86.Build.0 = Debug|x86
		{421D1C6B-FF45-4513-A061-977FFC28C950}.Release|Any CPU.ActiveCfg = Release|Any CPU
		{421D1C6B-FF45-4513-A061-977FFC28C950}.Release|Any CPU.Build.0 = Release|Any CPU
		{421D1C6B-FF45-4513-A061-977FFC28C950}.Release|ARM.ActiveCfg = Release|ARM
		{421D1C6B-FF45-4513-A061-977FFC28C950}.Release|ARM.Build.0 = Release|ARM
		{421D1C6B-FF45-4513-A061-977FFC28C950}.Release|x64.ActiveCfg = Release|x64
		{421D1C6B-FF45-4513-A061-977FFC28C950}.Release|x64.Build.0 = Release|x64
		{421D1C6B-FF45-4513-A061-977FFC28C950}.Release|x86.ActiveCfg = Release|x86
		{421D1C6B-FF45-4513-A061-977FFC28C950}.Release|x86.Build.0 = Release|x86
		{3944C7BB-1C67-49DC-88C4-2332474F709D}.Debug|Any CPU.ActiveCfg = Debug|Any CPU
		{3944C7BB-1C67-49DC-88C4-2332474F709D}.Debug|Any CPU.Build.0 = Debug|Any CPU
		{3944C7BB-1C67-49DC-88C4-2332474F709D}.Debug|ARM.ActiveCfg = Debug|Any CPU
		{3944C7BB-1C67-49DC-88C4-2332474F709D}.Debug|x64.ActiveCfg = Debug|Any CPU
		{3944C7BB-1C67-49DC-88C4-2332474F709D}.Debug|x86.ActiveCfg = Debug|Any CPU
		{3944C7BB-1C67-49DC-88C4-2332474F709D}.Release|Any CPU.ActiveCfg = Release|Any CPU
		{3944C7BB-1C67-49DC-88C4-2332474F709D}.Release|Any CPU.Build.0 = Release|Any CPU
		{3944C7BB-1C67-49DC-88C4-2332474F709D}.Release|ARM.ActiveCfg = Release|Any CPU
		{3944C7BB-1C67-49DC-88C4-2332474F709D}.Release|x64.ActiveCfg = Release|Any CPU
		{3944C7BB-1C67-49DC-88C4-2332474F709D}.Release|x86.ActiveCfg = Release|Any CPU
		{7E41DFCB-FDF5-4531-8129-8C1BD3550534}.Debug|Any CPU.ActiveCfg = Debug|Any CPU
		{7E41DFCB-FDF5-4531-8129-8C1BD3550534}.Debug|Any CPU.Build.0 = Debug|Any CPU
		{7E41DFCB-FDF5-4531-8129-8C1BD3550534}.Debug|ARM.ActiveCfg = Debug|Any CPU
		{7E41DFCB-FDF5-4531-8129-8C1BD3550534}.Debug|x64.ActiveCfg = Debug|Any CPU
		{7E41DFCB-FDF5-4531-8129-8C1BD3550534}.Debug|x86.ActiveCfg = Debug|Any CPU
		{7E41DFCB-FDF5-4531-8129-8C1BD3550534}.Release|Any CPU.ActiveCfg = Release|Any CPU
		{7E41DFCB-FDF5-4531-8129-8C1BD3550534}.Release|Any CPU.Build.0 = Release|Any CPU
		{7E41DFCB-FDF5-4531-8129-8C1BD3550534}.Release|ARM.ActiveCfg = Release|Any CPU
		{7E41DFCB-FDF5-4531-8129-8C1BD3550534}.Release|x64.ActiveCfg = Release|Any CPU
		{7E41DFCB-FDF5-4531-8129-8C1BD3550534}.Release|x86.ActiveCfg = Release|Any CPU
		{DFB3953F-11D1-4E67-8203-0BC087B8FA00}.Debug|Any CPU.ActiveCfg = Debug|Any CPU
		{DFB3953F-11D1-4E67-8203-0BC087B8FA00}.Debug|Any CPU.Build.0 = Debug|Any CPU
		{DFB3953F-11D1-4E67-8203-0BC087B8FA00}.Debug|ARM.ActiveCfg = Debug|Any CPU
		{DFB3953F-11D1-4E67-8203-0BC087B8FA00}.Debug|x64.ActiveCfg = Debug|Any CPU
		{DFB3953F-11D1-4E67-8203-0BC087B8FA00}.Debug|x86.ActiveCfg = Debug|Any CPU
		{DFB3953F-11D1-4E67-8203-0BC087B8FA00}.Release|Any CPU.ActiveCfg = Release|Any CPU
		{DFB3953F-11D1-4E67-8203-0BC087B8FA00}.Release|Any CPU.Build.0 = Release|Any CPU
		{DFB3953F-11D1-4E67-8203-0BC087B8FA00}.Release|ARM.ActiveCfg = Release|Any CPU
		{DFB3953F-11D1-4E67-8203-0BC087B8FA00}.Release|x64.ActiveCfg = Release|Any CPU
		{DFB3953F-11D1-4E67-8203-0BC087B8FA00}.Release|x86.ActiveCfg = Release|Any CPU
		{6498AA57-F5F1-41F0-BE5F-C3EF0F43C0B5}.Debug|Any CPU.ActiveCfg = Debug|Any CPU
		{6498AA57-F5F1-41F0-BE5F-C3EF0F43C0B5}.Debug|Any CPU.Build.0 = Debug|Any CPU
		{6498AA57-F5F1-41F0-BE5F-C3EF0F43C0B5}.Debug|ARM.ActiveCfg = Debug|ARM
		{6498AA57-F5F1-41F0-BE5F-C3EF0F43C0B5}.Debug|ARM.Build.0 = Debug|ARM
		{6498AA57-F5F1-41F0-BE5F-C3EF0F43C0B5}.Debug|x64.ActiveCfg = Debug|x64
		{6498AA57-F5F1-41F0-BE5F-C3EF0F43C0B5}.Debug|x64.Build.0 = Debug|x64
		{6498AA57-F5F1-41F0-BE5F-C3EF0F43C0B5}.Debug|x86.ActiveCfg = Debug|x86
		{6498AA57-F5F1-41F0-BE5F-C3EF0F43C0B5}.Debug|x86.Build.0 = Debug|x86
		{6498AA57-F5F1-41F0-BE5F-C3EF0F43C0B5}.Release|Any CPU.ActiveCfg = Release|Any CPU
		{6498AA57-F5F1-41F0-BE5F-C3EF0F43C0B5}.Release|Any CPU.Build.0 = Release|Any CPU
		{6498AA57-F5F1-41F0-BE5F-C3EF0F43C0B5}.Release|ARM.ActiveCfg = Release|ARM
		{6498AA57-F5F1-41F0-BE5F-C3EF0F43C0B5}.Release|ARM.Build.0 = Release|ARM
		{6498AA57-F5F1-41F0-BE5F-C3EF0F43C0B5}.Release|x64.ActiveCfg = Release|x64
		{6498AA57-F5F1-41F0-BE5F-C3EF0F43C0B5}.Release|x64.Build.0 = Release|x64
		{6498AA57-F5F1-41F0-BE5F-C3EF0F43C0B5}.Release|x86.ActiveCfg = Release|x86
		{6498AA57-F5F1-41F0-BE5F-C3EF0F43C0B5}.Release|x86.Build.0 = Release|x86
		{4C8E8639-EF19-41B8-878B-66ABE6ADAA73}.Debug|Any CPU.ActiveCfg = Debug|Any CPU
		{4C8E8639-EF19-41B8-878B-66ABE6ADAA73}.Debug|Any CPU.Build.0 = Debug|Any CPU
		{4C8E8639-EF19-41B8-878B-66ABE6ADAA73}.Debug|ARM.ActiveCfg = Debug|ARM
		{4C8E8639-EF19-41B8-878B-66ABE6ADAA73}.Debug|ARM.Build.0 = Debug|ARM
		{4C8E8639-EF19-41B8-878B-66ABE6ADAA73}.Debug|x64.ActiveCfg = Debug|x64
		{4C8E8639-EF19-41B8-878B-66ABE6ADAA73}.Debug|x64.Build.0 = Debug|x64
		{4C8E8639-EF19-41B8-878B-66ABE6ADAA73}.Debug|x86.ActiveCfg = Debug|x86
		{4C8E8639-EF19-41B8-878B-66ABE6ADAA73}.Debug|x86.Build.0 = Debug|x86
		{4C8E8639-EF19-41B8-878B-66ABE6ADAA73}.Release|Any CPU.ActiveCfg = Release|Any CPU
		{4C8E8639-EF19-41B8-878B-66ABE6ADAA73}.Release|Any CPU.Build.0 = Release|Any CPU
		{4C8E8639-EF19-41B8-878B-66ABE6ADAA73}.Release|ARM.ActiveCfg = Release|ARM
		{4C8E8639-EF19-41B8-878B-66ABE6ADAA73}.Release|ARM.Build.0 = Release|ARM
		{4C8E8639-EF19-41B8-878B-66ABE6ADAA73}.Release|x64.ActiveCfg = Release|x64
		{4C8E8639-EF19-41B8-878B-66ABE6ADAA73}.Release|x64.Build.0 = Release|x64
		{4C8E8639-EF19-41B8-878B-66ABE6ADAA73}.Release|x86.ActiveCfg = Release|x86
		{4C8E8639-EF19-41B8-878B-66ABE6ADAA73}.Release|x86.Build.0 = Release|x86
		{02BCA143-1979-4CFB-9777-09E8C9D16F78}.Debug|Any CPU.ActiveCfg = Debug|Any CPU
		{02BCA143-1979-4CFB-9777-09E8C9D16F78}.Debug|Any CPU.Build.0 = Debug|Any CPU
		{02BCA143-1979-4CFB-9777-09E8C9D16F78}.Debug|ARM.ActiveCfg = Debug|Any CPU
		{02BCA143-1979-4CFB-9777-09E8C9D16F78}.Debug|x64.ActiveCfg = Debug|Any CPU
		{02BCA143-1979-4CFB-9777-09E8C9D16F78}.Debug|x86.ActiveCfg = Debug|Any CPU
		{02BCA143-1979-4CFB-9777-09E8C9D16F78}.Release|Any CPU.ActiveCfg = Release|Any CPU
		{02BCA143-1979-4CFB-9777-09E8C9D16F78}.Release|Any CPU.Build.0 = Release|Any CPU
		{02BCA143-1979-4CFB-9777-09E8C9D16F78}.Release|ARM.ActiveCfg = Release|Any CPU
		{02BCA143-1979-4CFB-9777-09E8C9D16F78}.Release|x64.ActiveCfg = Release|Any CPU
		{02BCA143-1979-4CFB-9777-09E8C9D16F78}.Release|x86.ActiveCfg = Release|Any CPU
		{77FB8184-5C43-49FC-886A-9791441C9396}.Debug|Any CPU.ActiveCfg = Debug|Any CPU
		{77FB8184-5C43-49FC-886A-9791441C9396}.Debug|Any CPU.Build.0 = Debug|Any CPU
		{77FB8184-5C43-49FC-886A-9791441C9396}.Debug|ARM.ActiveCfg = Debug|Any CPU
		{77FB8184-5C43-49FC-886A-9791441C9396}.Debug|x64.ActiveCfg = Debug|Any CPU
		{77FB8184-5C43-49FC-886A-9791441C9396}.Debug|x86.ActiveCfg = Debug|Any CPU
		{77FB8184-5C43-49FC-886A-9791441C9396}.Release|Any CPU.ActiveCfg = Release|Any CPU
		{77FB8184-5C43-49FC-886A-9791441C9396}.Release|Any CPU.Build.0 = Release|Any CPU
		{77FB8184-5C43-49FC-886A-9791441C9396}.Release|ARM.ActiveCfg = Release|Any CPU
		{77FB8184-5C43-49FC-886A-9791441C9396}.Release|x64.ActiveCfg = Release|Any CPU
		{77FB8184-5C43-49FC-886A-9791441C9396}.Release|x86.ActiveCfg = Release|Any CPU
		{75A663CB-9E7D-4B17-977F-6203CD2364B2}.Debug|Any CPU.ActiveCfg = Debug|Any CPU
		{75A663CB-9E7D-4B17-977F-6203CD2364B2}.Debug|Any CPU.Build.0 = Debug|Any CPU
		{75A663CB-9E7D-4B17-977F-6203CD2364B2}.Debug|ARM.ActiveCfg = Debug|ARM
		{75A663CB-9E7D-4B17-977F-6203CD2364B2}.Debug|ARM.Build.0 = Debug|ARM
		{75A663CB-9E7D-4B17-977F-6203CD2364B2}.Debug|x64.ActiveCfg = Debug|x64
		{75A663CB-9E7D-4B17-977F-6203CD2364B2}.Debug|x64.Build.0 = Debug|x64
		{75A663CB-9E7D-4B17-977F-6203CD2364B2}.Debug|x86.ActiveCfg = Debug|x86
		{75A663CB-9E7D-4B17-977F-6203CD2364B2}.Debug|x86.Build.0 = Debug|x86
		{75A663CB-9E7D-4B17-977F-6203CD2364B2}.Release|Any CPU.ActiveCfg = Release|Any CPU
		{75A663CB-9E7D-4B17-977F-6203CD2364B2}.Release|Any CPU.Build.0 = Release|Any CPU
		{75A663CB-9E7D-4B17-977F-6203CD2364B2}.Release|ARM.ActiveCfg = Release|ARM
		{75A663CB-9E7D-4B17-977F-6203CD2364B2}.Release|ARM.Build.0 = Release|ARM
		{75A663CB-9E7D-4B17-977F-6203CD2364B2}.Release|x64.ActiveCfg = Release|x64
		{75A663CB-9E7D-4B17-977F-6203CD2364B2}.Release|x64.Build.0 = Release|x64
		{75A663CB-9E7D-4B17-977F-6203CD2364B2}.Release|x86.ActiveCfg = Release|x86
		{75A663CB-9E7D-4B17-977F-6203CD2364B2}.Release|x86.Build.0 = Release|x86
		{F9DE550B-11A8-4198-8224-F3A3CAB74A91}.Debug|Any CPU.ActiveCfg = Debug|Any CPU
		{F9DE550B-11A8-4198-8224-F3A3CAB74A91}.Debug|Any CPU.Build.0 = Debug|Any CPU
		{F9DE550B-11A8-4198-8224-F3A3CAB74A91}.Debug|ARM.ActiveCfg = Debug|Any CPU
		{F9DE550B-11A8-4198-8224-F3A3CAB74A91}.Debug|x64.ActiveCfg = Debug|Any CPU
		{F9DE550B-11A8-4198-8224-F3A3CAB74A91}.Debug|x86.ActiveCfg = Debug|Any CPU
		{F9DE550B-11A8-4198-8224-F3A3CAB74A91}.Release|Any CPU.ActiveCfg = Release|Any CPU
		{F9DE550B-11A8-4198-8224-F3A3CAB74A91}.Release|Any CPU.Build.0 = Release|Any CPU
		{F9DE550B-11A8-4198-8224-F3A3CAB74A91}.Release|ARM.ActiveCfg = Release|Any CPU
		{F9DE550B-11A8-4198-8224-F3A3CAB74A91}.Release|x64.ActiveCfg = Release|Any CPU
		{F9DE550B-11A8-4198-8224-F3A3CAB74A91}.Release|x86.ActiveCfg = Release|Any CPU
		{136A17FE-B39C-4B71-ABDA-89601E3C9490}.Debug|Any CPU.ActiveCfg = Debug|Any CPU
		{136A17FE-B39C-4B71-ABDA-89601E3C9490}.Debug|Any CPU.Build.0 = Debug|Any CPU
		{136A17FE-B39C-4B71-ABDA-89601E3C9490}.Debug|ARM.ActiveCfg = Debug|Any CPU
		{136A17FE-B39C-4B71-ABDA-89601E3C9490}.Debug|x64.ActiveCfg = Debug|Any CPU
		{136A17FE-B39C-4B71-ABDA-89601E3C9490}.Debug|x86.ActiveCfg = Debug|Any CPU
		{136A17FE-B39C-4B71-ABDA-89601E3C9490}.Release|Any CPU.ActiveCfg = Release|Any CPU
		{136A17FE-B39C-4B71-ABDA-89601E3C9490}.Release|Any CPU.Build.0 = Release|Any CPU
		{136A17FE-B39C-4B71-ABDA-89601E3C9490}.Release|ARM.ActiveCfg = Release|Any CPU
		{136A17FE-B39C-4B71-ABDA-89601E3C9490}.Release|x64.ActiveCfg = Release|Any CPU
		{136A17FE-B39C-4B71-ABDA-89601E3C9490}.Release|x86.ActiveCfg = Release|Any CPU
		{64C9484E-CC64-4C6D-AAB6-62CCA020D4DC}.Debug|Any CPU.ActiveCfg = Debug|Any CPU
		{64C9484E-CC64-4C6D-AAB6-62CCA020D4DC}.Debug|Any CPU.Build.0 = Debug|Any CPU
		{64C9484E-CC64-4C6D-AAB6-62CCA020D4DC}.Debug|ARM.ActiveCfg = Debug|Any CPU
		{64C9484E-CC64-4C6D-AAB6-62CCA020D4DC}.Debug|x64.ActiveCfg = Debug|Any CPU
		{64C9484E-CC64-4C6D-AAB6-62CCA020D4DC}.Debug|x86.ActiveCfg = Debug|Any CPU
		{64C9484E-CC64-4C6D-AAB6-62CCA020D4DC}.Release|Any CPU.ActiveCfg = Release|Any CPU
		{64C9484E-CC64-4C6D-AAB6-62CCA020D4DC}.Release|Any CPU.Build.0 = Release|Any CPU
		{64C9484E-CC64-4C6D-AAB6-62CCA020D4DC}.Release|ARM.ActiveCfg = Release|Any CPU
		{64C9484E-CC64-4C6D-AAB6-62CCA020D4DC}.Release|x64.ActiveCfg = Release|Any CPU
		{64C9484E-CC64-4C6D-AAB6-62CCA020D4DC}.Release|x86.ActiveCfg = Release|Any CPU
		{A55178B9-205D-4683-9B11-CC421E75D470}.Debug|Any CPU.ActiveCfg = Debug|Any CPU
		{A55178B9-205D-4683-9B11-CC421E75D470}.Debug|Any CPU.Build.0 = Debug|Any CPU
		{A55178B9-205D-4683-9B11-CC421E75D470}.Debug|ARM.ActiveCfg = Debug|Any CPU
		{A55178B9-205D-4683-9B11-CC421E75D470}.Debug|x64.ActiveCfg = Debug|Any CPU
		{A55178B9-205D-4683-9B11-CC421E75D470}.Debug|x86.ActiveCfg = Debug|Any CPU
		{A55178B9-205D-4683-9B11-CC421E75D470}.Release|Any CPU.ActiveCfg = Release|Any CPU
		{A55178B9-205D-4683-9B11-CC421E75D470}.Release|Any CPU.Build.0 = Release|Any CPU
		{A55178B9-205D-4683-9B11-CC421E75D470}.Release|ARM.ActiveCfg = Release|Any CPU
		{A55178B9-205D-4683-9B11-CC421E75D470}.Release|x64.ActiveCfg = Release|Any CPU
		{A55178B9-205D-4683-9B11-CC421E75D470}.Release|x86.ActiveCfg = Release|Any CPU
		{53736951-4C4F-46BE-BB1D-031FA2EBDEE2}.Debug|Any CPU.ActiveCfg = Debug|Any CPU
		{53736951-4C4F-46BE-BB1D-031FA2EBDEE2}.Debug|Any CPU.Build.0 = Debug|Any CPU
		{53736951-4C4F-46BE-BB1D-031FA2EBDEE2}.Debug|ARM.ActiveCfg = Debug|Any CPU
		{53736951-4C4F-46BE-BB1D-031FA2EBDEE2}.Debug|x64.ActiveCfg = Debug|Any CPU
		{53736951-4C4F-46BE-BB1D-031FA2EBDEE2}.Debug|x86.ActiveCfg = Debug|Any CPU
		{53736951-4C4F-46BE-BB1D-031FA2EBDEE2}.Release|Any CPU.ActiveCfg = Release|Any CPU
		{53736951-4C4F-46BE-BB1D-031FA2EBDEE2}.Release|Any CPU.Build.0 = Release|Any CPU
		{53736951-4C4F-46BE-BB1D-031FA2EBDEE2}.Release|ARM.ActiveCfg = Release|Any CPU
		{53736951-4C4F-46BE-BB1D-031FA2EBDEE2}.Release|x64.ActiveCfg = Release|Any CPU
		{53736951-4C4F-46BE-BB1D-031FA2EBDEE2}.Release|x86.ActiveCfg = Release|Any CPU
		{99BA91AD-0214-4B46-BF5E-935D07EB3408}.Debug|Any CPU.ActiveCfg = Debug|Any CPU
		{99BA91AD-0214-4B46-BF5E-935D07EB3408}.Debug|Any CPU.Build.0 = Debug|Any CPU
		{99BA91AD-0214-4B46-BF5E-935D07EB3408}.Debug|ARM.ActiveCfg = Debug|Any CPU
		{99BA91AD-0214-4B46-BF5E-935D07EB3408}.Debug|x64.ActiveCfg = Debug|Any CPU
		{99BA91AD-0214-4B46-BF5E-935D07EB3408}.Debug|x86.ActiveCfg = Debug|Any CPU
		{99BA91AD-0214-4B46-BF5E-935D07EB3408}.Release|Any CPU.ActiveCfg = Release|Any CPU
		{99BA91AD-0214-4B46-BF5E-935D07EB3408}.Release|Any CPU.Build.0 = Release|Any CPU
		{99BA91AD-0214-4B46-BF5E-935D07EB3408}.Release|ARM.ActiveCfg = Release|Any CPU
		{99BA91AD-0214-4B46-BF5E-935D07EB3408}.Release|x64.ActiveCfg = Release|Any CPU
		{99BA91AD-0214-4B46-BF5E-935D07EB3408}.Release|x86.ActiveCfg = Release|Any CPU
		{8E1227A3-0051-49FE-A4A9-8171C64221F0}.Debug|Any CPU.ActiveCfg = Debug|Any CPU
		{8E1227A3-0051-49FE-A4A9-8171C64221F0}.Debug|Any CPU.Build.0 = Debug|Any CPU
		{8E1227A3-0051-49FE-A4A9-8171C64221F0}.Debug|ARM.ActiveCfg = Debug|Any CPU
		{8E1227A3-0051-49FE-A4A9-8171C64221F0}.Debug|x64.ActiveCfg = Debug|Any CPU
		{8E1227A3-0051-49FE-A4A9-8171C64221F0}.Debug|x86.ActiveCfg = Debug|Any CPU
		{8E1227A3-0051-49FE-A4A9-8171C64221F0}.Release|Any CPU.ActiveCfg = Release|Any CPU
		{8E1227A3-0051-49FE-A4A9-8171C64221F0}.Release|Any CPU.Build.0 = Release|Any CPU
		{8E1227A3-0051-49FE-A4A9-8171C64221F0}.Release|ARM.ActiveCfg = Release|Any CPU
		{8E1227A3-0051-49FE-A4A9-8171C64221F0}.Release|x64.ActiveCfg = Release|Any CPU
		{8E1227A3-0051-49FE-A4A9-8171C64221F0}.Release|x86.ActiveCfg = Release|Any CPU
		{165CD0F9-96DD-4234-8DAB-0EA18AD43825}.Debug|Any CPU.ActiveCfg = Debug|Any CPU
		{165CD0F9-96DD-4234-8DAB-0EA18AD43825}.Debug|Any CPU.Build.0 = Debug|Any CPU
		{165CD0F9-96DD-4234-8DAB-0EA18AD43825}.Debug|ARM.ActiveCfg = Debug|Any CPU
		{165CD0F9-96DD-4234-8DAB-0EA18AD43825}.Debug|x64.ActiveCfg = Debug|Any CPU
		{165CD0F9-96DD-4234-8DAB-0EA18AD43825}.Debug|x86.ActiveCfg = Debug|Any CPU
		{165CD0F9-96DD-4234-8DAB-0EA18AD43825}.Release|Any CPU.ActiveCfg = Release|Any CPU
		{165CD0F9-96DD-4234-8DAB-0EA18AD43825}.Release|Any CPU.Build.0 = Release|Any CPU
		{165CD0F9-96DD-4234-8DAB-0EA18AD43825}.Release|ARM.ActiveCfg = Release|Any CPU
		{165CD0F9-96DD-4234-8DAB-0EA18AD43825}.Release|x64.ActiveCfg = Release|Any CPU
		{165CD0F9-96DD-4234-8DAB-0EA18AD43825}.Release|x86.ActiveCfg = Release|Any CPU
		{988BEA2E-0A25-4429-9724-381B8FEFABDD}.Debug|Any CPU.ActiveCfg = Debug|Any CPU
		{988BEA2E-0A25-4429-9724-381B8FEFABDD}.Debug|Any CPU.Build.0 = Debug|Any CPU
		{988BEA2E-0A25-4429-9724-381B8FEFABDD}.Debug|ARM.ActiveCfg = Debug|Any CPU
		{988BEA2E-0A25-4429-9724-381B8FEFABDD}.Debug|x64.ActiveCfg = Debug|Any CPU
		{988BEA2E-0A25-4429-9724-381B8FEFABDD}.Debug|x86.ActiveCfg = Debug|Any CPU
		{988BEA2E-0A25-4429-9724-381B8FEFABDD}.Release|Any CPU.ActiveCfg = Release|Any CPU
		{988BEA2E-0A25-4429-9724-381B8FEFABDD}.Release|Any CPU.Build.0 = Release|Any CPU
		{988BEA2E-0A25-4429-9724-381B8FEFABDD}.Release|ARM.ActiveCfg = Release|Any CPU
		{988BEA2E-0A25-4429-9724-381B8FEFABDD}.Release|x64.ActiveCfg = Release|Any CPU
		{988BEA2E-0A25-4429-9724-381B8FEFABDD}.Release|x86.ActiveCfg = Release|Any CPU
	EndGlobalSection
	GlobalSection(SolutionProperties) = preSolution
		HideSolutionNode = FALSE
	EndGlobalSection
	GlobalSection(NestedProjects) = preSolution
		{287A49E4-0564-47DC-B545-DA7EC8B01DE4} = {F6D89E9E-4228-484E-836D-3B87F675D0D5}
		{D9300BE3-41A5-4242-AC31-9B83A3797F46} = {F6D89E9E-4228-484E-836D-3B87F675D0D5}
		{E45BB506-3B61-45CE-85BC-4B099A99E412} = {C9DFD52B-0006-4183-8A78-B73959B51462}
		{8D49DB90-55FC-452F-BFEF-D72AAC9F0F5E} = {C9DFD52B-0006-4183-8A78-B73959B51462}
		{A55178B9-205D-4683-9B11-CC421E75D470} = {C9DFD52B-0006-4183-8A78-B73959B51462}
		{A8627B3A-C1AC-492E-A2B9-0F3306B72E41} = {C9DFD52B-0006-4183-8A78-B73959B51462}
		{2C65FED0-D258-49FC-92B8-AB0556EF11FB} = {C9DFD52B-0006-4183-8A78-B73959B51462}
		{90EA063D-3013-4FBD-913A-A34C2A0D6C9B} = {C37929FD-8901-4FAD-943A-749324596B16}
		{97C702DF-B082-4AF5-844B-6287C6F4F32D} = {C37929FD-8901-4FAD-943A-749324596B16}
		{53736951-4C4F-46BE-BB1D-031FA2EBDEE2} = {C37929FD-8901-4FAD-943A-749324596B16}
		{E7BC866E-0627-4FB4-9429-D7CA17C00C68} = {C37929FD-8901-4FAD-943A-749324596B16}
		{10C33F47-8474-418B-A027-1569CD6AA8FF} = {C37929FD-8901-4FAD-943A-749324596B16}
		{7DC08100-3F8B-4D5E-B743-1E2948F55FCA} = {89121402-1D4F-4B2E-9151-C0CB85D10AB3}
		{3944C7BB-1C67-49DC-88C4-2332474F709D} = {89121402-1D4F-4B2E-9151-C0CB85D10AB3}
		{99BA91AD-0214-4B46-BF5E-935D07EB3408} = {89121402-1D4F-4B2E-9151-C0CB85D10AB3}
		{1B5B85E7-68F9-493D-9D47-5FB8D96E46B3} = {89121402-1D4F-4B2E-9151-C0CB85D10AB3}
		{421D1C6B-FF45-4513-A061-977FFC28C950} = {89121402-1D4F-4B2E-9151-C0CB85D10AB3}
		{286EA592-2156-4AB6-ACCD-E593FCFAAC66} = {7A914ACA-27A6-4B96-8386-FF4531B84B8D}
		{7E41DFCB-FDF5-4531-8129-8C1BD3550534} = {7A914ACA-27A6-4B96-8386-FF4531B84B8D}
		{8E1227A3-0051-49FE-A4A9-8171C64221F0} = {7A914ACA-27A6-4B96-8386-FF4531B84B8D}
		{DFB3953F-11D1-4E67-8203-0BC087B8FA00} = {7A914ACA-27A6-4B96-8386-FF4531B84B8D}
		{6498AA57-F5F1-41F0-BE5F-C3EF0F43C0B5} = {7A914ACA-27A6-4B96-8386-FF4531B84B8D}
		{4C8E8639-EF19-41B8-878B-66ABE6ADAA73} = {405257E4-E197-48E5-AEBB-7223AD62C280}
		{1D68C6B5-A097-49DB-BDF8-F19125DABA98} = {405257E4-E197-48E5-AEBB-7223AD62C280}
		{77FB8184-5C43-49FC-886A-9791441C9396} = {405257E4-E197-48E5-AEBB-7223AD62C280}
		{165CD0F9-96DD-4234-8DAB-0EA18AD43825} = {405257E4-E197-48E5-AEBB-7223AD62C280}
		{02BCA143-1979-4CFB-9777-09E8C9D16F78} = {405257E4-E197-48E5-AEBB-7223AD62C280}
		{75A663CB-9E7D-4B17-977F-6203CD2364B2} = {40C211CF-EB91-479C-A37A-2855AAE7E591}
		{8920AC8B-9D32-49F1-AC5B-494BC22DDBFE} = {40C211CF-EB91-479C-A37A-2855AAE7E591}
		{136A17FE-B39C-4B71-ABDA-89601E3C9490} = {40C211CF-EB91-479C-A37A-2855AAE7E591}
		{988BEA2E-0A25-4429-9724-381B8FEFABDD} = {40C211CF-EB91-479C-A37A-2855AAE7E591}
		{F9DE550B-11A8-4198-8224-F3A3CAB74A91} = {40C211CF-EB91-479C-A37A-2855AAE7E591}
	EndGlobalSection
EndGlobal
